{
  "version": 4,
  "terraform_version": "1.16.1",
  "serial": 166,
  "lineage": "97404817-25c1-ef9d-7cc4-179e0778059e",
  "outputs": {
    "private_subnet_ids": {
      "value": [
        "subnet-064c8efb88438347c",
        "subnet-008b284f476da76c2",
        "subnet-0156d89229b692fb4"
      ],
      "type": [
        "tuple",
        [
          "string",
          "string",
          "string"
        ]
      ]
    },
    "public_subnet_ids": {
      "value": [
        "subnet-0eb92786c16c5ccf2",
        "subnet-0767b030b48f5d1b8",
        "subnet-0f6c047655241b374"
      ],
      "type": [
        "tuple",
        [
          "string",
          "string",
          "string"
        ]
      ]
    },
    "public_subnet_map": {
      "value": {
        "us-east-1a": "subnet-0eb92786c16c5ccf2",
        "us-east-1b": "subnet-0767b030b48f5d1b8",
        "us-east-1c": "subnet-0f6c047655241b374"
      },
      "type": [
        "object",
        {
          "us-east-1a": "string",
          "us-east-1b": "string",
          "us-east-1c": "string"
        }
      ]
    },
    "vpc_id": {
      "value": "vpc-06904f2cb7edccc35",
      "type": "string"
    }
  },
  "resources": [
    {
      "mode": "data",
      "type": "aws_availability_zones",
      "name": "available",
      "provider": "provider[\"registry.terraform.io/hashicorp/aws\"]",
      "instances": [
        {
          "schema_version": 0,
          "attributes": {
            "all_availability_zones": null,
            "exclude_names": null,
            "exclude_zone_ids": null,
            "filter": null,
            "group_names": [
              "us-east-1-zg-1"
            ],
            "id": "us-east-1",
            "names": [
              "us-east-1a",
              "us-east-1b",
              "us-east-1c",
              "us-east-1d",
              "us-east-1e",
              "us-east-1f"
            ],
            "region": "us-east-1",
            "state": "available",
            "timeouts": null,
            "zone_ids": [
              "use1-az6",
              "use1-az1",
              "use1-az2",
              "use1-az4",
              "use1-az3",
              "use1-az5"
            ]
          },
          "sensitive_attributes": [],
          "identity_schema_version": 0
        }
      ]
    },
    {
      "mode": "managed",
      "type": "aws_ecs_cluster",
      "name": "cluster",
      "provider": "provider[\"registry.terraform.io/hashicorp/aws\"]",
      "instances": [
        {
          "schema_version": 0,
          "attributes": {
            "arn": "arn:aws:ecs:us-east-1:797886334120:cluster/cluster",
            "configuration": [],
            "id": "arn:aws:ecs:us-east-1:797886334120:cluster/cluster",
            "name": "cluster",
            "region": "us-east-1",
            "service_connect_defaults": [],
            "setting": [
              {
                "name": "containerInsights",
                "value": "enabled"
              }
            ],
            "tags": {},
            "tags_all": {}
          },
          "sensitive_attributes": [],
          "identity_schema_version": 0,
          "identity": {
            "account_id": "797886334120",
            "name": "cluster",
            "region": "us-east-1"
          },
          "private": "bnVsbA=="
        }
      ]
    },
    {
      "mode": "managed",
      "type": "aws_ecs_service",
      "name": "cart",
      "provider": "provider[\"registry.terraform.io/hashicorp/aws\"]",
      "instances": [
        {
          "schema_version": 1,
          "attributes": {
            "alarms": [],
            "arn": "arn:aws:ecs:us-east-1:797886334120:service/cluster/cart",
            "availability_zone_rebalancing": "ENABLED",
            "capacity_provider_strategy": [],
            "cluster": "arn:aws:ecs:us-east-1:797886334120:cluster/cluster",
            "deployment_circuit_breaker": [
              {
                "enable": false,
                "rollback": false
              }
            ],
            "deployment_configuration": [
              {
                "bake_time_in_minutes": "0",
                "canary_configuration": [],
                "lifecycle_hook": [],
                "linear_configuration": [],
                "strategy": "ROLLING"
              }
            ],
            "deployment_controller": [
              {
                "type": "ECS"
              }
            ],
            "deployment_maximum_percent": 200,
            "deployment_minimum_healthy_percent": 100,
            "desired_count": 1,
            "enable_ecs_managed_tags": false,
            "enable_execute_command": false,
            "force_delete": null,
            "force_new_deployment": null,
            "health_check_grace_period_seconds": 0,
            "iam_role": "/aws-service-role/ecs.amazonaws.com/AWSServiceRoleForECS",
            "id": "arn:aws:ecs:us-east-1:797886334120:service/cluster/cart",
            "launch_type": "FARGATE",
            "load_balancer": [],
            "name": "cart",
            "network_configuration": [
              {
                "assign_public_ip": false,
                "security_groups": [
                  "sg-042954994a942110e"
                ],
                "subnets": [
                  "subnet-008b284f476da76c2",
                  "subnet-0156d89229b692fb4",
                  "subnet-064c8efb88438347c"
                ]
              }
            ],
            "ordered_placement_strategy": [],
            "placement_constraints": [],
            "platform_version": "LATEST",
            "propagate_tags": "NONE",
            "region": "us-east-1",
            "scheduling_strategy": "REPLICA",
            "service_connect_configuration": [
              {
                "access_log_configuration": [],
                "enabled": true,
                "log_configuration": [],
                "namespace": "arn:aws:servicediscovery:us-east-1:797886334120:namespace/ns-slbx2klpplmrxig5",
                "service": [
                  {
                    "client_alias": [
                      {
                        "dns_name": "cart",
                        "port": 8080,
                        "test_traffic_rules": []
                      }
                    ],
                    "discovery_name": "cart",
                    "ingress_port_override": 0,
                    "port_name": "cart",
                    "timeout": [],
                    "tls": []
                  }
                ]
              }
            ],
            "service_registries": [],
            "sigint_rollback": null,
            "tags": {},
            "tags_all": {},
            "task_definition": "arn:aws:ecs:us-east-1:797886334120:task-definition/cart-service:2",
            "timeouts": null,
            "triggers": {},
            "volume_configuration": [],
            "vpc_lattice_configurations": [],
            "wait_for_steady_state": false
          },
          "sensitive_attributes": [],
          "identity_schema_version": 0,
          "identity": {
            "account_id": "797886334120",
            "cluster": "arn:aws:ecs:us-east-1:797886334120:cluster/cluster",
            "name": "cart",
            "region": "us-east-1"
          },
          "private": "eyJlMmJmYjczMC1lY2FhLTExZTYtOGY4OC0zNDM2M2JjN2M0YzAiOnsiY3JlYXRlIjoxMjAwMDAwMDAwMDAwLCJkZWxldGUiOjEyMDAwMDAwMDAwMDAsInVwZGF0ZSI6MTIwMDAwMDAwMDAwMH0sInNjaGVtYV92ZXJzaW9uIjoiMSJ9",
          "dependencies": [
            "aws_ecs_cluster.cluster",
            "aws_ecs_task_definition.cart-ecs-td",
            "aws_efs_file_system.efs",
            "aws_security_group.service",
            "aws_service_discovery_http_namespace.main",
            "aws_subnet.private_subnets",
            "aws_vpc.main",
            "data.aws_availability_zones.available"
          ]
        }
      ]
    },
    {
      "mode": "managed",
      "type": "aws_ecs_service",
      "name": "catalog",
      "provider": "provider[\"registry.terraform.io/hashicorp/aws\"]",
      "instances": [
        {
          "schema_version": 1,
          "attributes": {
            "alarms": [],
            "arn": "arn:aws:ecs:us-east-1:797886334120:service/cluster/catalog",
            "availability_zone_rebalancing": "ENABLED",
            "capacity_provider_strategy": [],
            "cluster": "arn:aws:ecs:us-east-1:797886334120:cluster/cluster",
            "deployment_circuit_breaker": [
              {
                "enable": false,
                "rollback": false
              }
            ],
            "deployment_configuration": [
              {
                "bake_time_in_minutes": "0",
                "canary_configuration": [],
                "lifecycle_hook": [],
                "linear_configuration": [],
                "strategy": "ROLLING"
              }
            ],
            "deployment_controller": [
              {
                "type": "ECS"
              }
            ],
            "deployment_maximum_percent": 200,
            "deployment_minimum_healthy_percent": 100,
            "desired_count": 1,
            "enable_ecs_managed_tags": false,
            "enable_execute_command": false,
            "force_delete": null,
            "force_new_deployment": null,
            "health_check_grace_period_seconds": 0,
            "iam_role": "/aws-service-role/ecs.amazonaws.com/AWSServiceRoleForECS",
            "id": "arn:aws:ecs:us-east-1:797886334120:service/cluster/catalog",
            "launch_type": "FARGATE",
            "load_balancer": [],
            "name": "catalog",
            "network_configuration": [
              {
                "assign_public_ip": false,
                "security_groups": [
                  "sg-042954994a942110e"
                ],
                "subnets": [
                  "subnet-008b284f476da76c2",
                  "subnet-0156d89229b692fb4",
                  "subnet-064c8efb88438347c"
                ]
              }
            ],
            "ordered_placement_strategy": [],
            "placement_constraints": [],
            "platform_version": "LATEST",
            "propagate_tags": "NONE",
            "region": "us-east-1",
            "scheduling_strategy": "REPLICA",
            "service_connect_configuration": [
              {
                "access_log_configuration": [],
                "enabled": true,
                "log_configuration": [],
                "namespace": "arn:aws:servicediscovery:us-east-1:797886334120:namespace/ns-slbx2klpplmrxig5",
                "service": [
                  {
                    "client_alias": [
                      {
                        "dns_name": "catalog",
                        "port": 8080,
                        "test_traffic_rules": []
                      }
                    ],
                    "discovery_name": "catalog",
                    "ingress_port_override": 0,
                    "port_name": "catalog",
                    "timeout": [],
                    "tls": []
                  }
                ]
              }
            ],
            "service_registries": [],
            "sigint_rollback": null,
            "tags": {},
            "tags_all": {},
            "task_definition": "arn:aws:ecs:us-east-1:797886334120:task-definition/catalog-service:4",
            "timeouts": null,
            "triggers": {},
            "volume_configuration": [],
            "vpc_lattice_configurations": [],
            "wait_for_steady_state": false
          },
          "sensitive_attributes": [],
          "identity_schema_version": 0,
          "identity": {
            "account_id": "797886334120",
            "cluster": "arn:aws:ecs:us-east-1:797886334120:cluster/cluster",
            "name": "catalog",
            "region": "us-east-1"
          },
          "private": "eyJlMmJmYjczMC1lY2FhLTExZTYtOGY4OC0zNDM2M2JjN2M0YzAiOnsiY3JlYXRlIjoxMjAwMDAwMDAwMDAwLCJkZWxldGUiOjEyMDAwMDAwMDAwMDAsInVwZGF0ZSI6MTIwMDAwMDAwMDAwMH0sInNjaGVtYV92ZXJzaW9uIjoiMSJ9",
          "dependencies": [
            "aws_ecs_cluster.cluster",
            "aws_ecs_task_definition.catalog-ecs-td",
            "aws_efs_file_system.efs",
            "aws_security_group.service",
            "aws_service_discovery_http_namespace.main",
            "aws_subnet.private_subnets",
            "aws_vpc.main",
            "data.aws_availability_zones.available"
          ]
        }
      ]
    },
    {
      "mode": "managed",
      "type": "aws_ecs_service",
      "name": "checkout",
      "provider": "provider[\"registry.terraform.io/hashicorp/aws\"]",
      "instances": [
        {
          "schema_version": 1,
          "attributes": {
            "alarms": [],
            "arn": "arn:aws:ecs:us-east-1:797886334120:service/cluster/checkout",
            "availability_zone_rebalancing": "ENABLED",
            "capacity_provider_strategy": [],
            "cluster": "arn:aws:ecs:us-east-1:797886334120:cluster/cluster",
            "deployment_circuit_breaker": [
              {
                "enable": false,
                "rollback": false
              }
            ],
            "deployment_configuration": [
              {
                "bake_time_in_minutes": "0",
                "canary_configuration": [],
                "lifecycle_hook": [],
                "linear_configuration": [],
                "strategy": "ROLLING"
              }
            ],
            "deployment_controller": [
              {
                "type": "ECS"
              }
            ],
            "deployment_maximum_percent": 200,
            "deployment_minimum_healthy_percent": 100,
            "desired_count": 1,
            "enable_ecs_managed_tags": false,
            "enable_execute_command": false,
            "force_delete": null,
            "force_new_deployment": null,
            "health_check_grace_period_seconds": 0,
            "iam_role": "/aws-service-role/ecs.amazonaws.com/AWSServiceRoleForECS",
            "id": "arn:aws:ecs:us-east-1:797886334120:service/cluster/checkout",
            "launch_type": "FARGATE",
            "load_balancer": [],
            "name": "checkout",
            "network_configuration": [
              {
                "assign_public_ip": false,
                "security_groups": [
                  "sg-042954994a942110e"
                ],
                "subnets": [
                  "subnet-008b284f476da76c2",
                  "subnet-0156d89229b692fb4",
                  "subnet-064c8efb88438347c"
                ]
              }
            ],
            "ordered_placement_strategy": [],
            "placement_constraints": [],
            "platform_version": "LATEST",
            "propagate_tags": "NONE",
            "region": "us-east-1",
            "scheduling_strategy": "REPLICA",
            "service_connect_configuration": [
              {
                "access_log_configuration": [],
                "enabled": true,
                "log_configuration": [],
                "namespace": "arn:aws:servicediscovery:us-east-1:797886334120:namespace/ns-slbx2klpplmrxig5",
                "service": [
                  {
                    "client_alias": [
                      {
                        "dns_name": "checkout",
                        "port": 8080,
                        "test_traffic_rules": []
                      }
                    ],
                    "discovery_name": "checkout",
                    "ingress_port_override": 0,
                    "port_name": "checkout",
                    "timeout": [],
                    "tls": []
                  }
                ]
              }
            ],
            "service_registries": [],
            "sigint_rollback": null,
            "tags": {},
            "tags_all": {},
            "task_definition": "arn:aws:ecs:us-east-1:797886334120:task-definition/checkout-service:1",
            "timeouts": null,
            "triggers": {},
            "volume_configuration": [],
            "vpc_lattice_configurations": [],
            "wait_for_steady_state": false
          },
          "sensitive_attributes": [],
          "identity_schema_version": 0,
          "identity": {
            "account_id": "797886334120",
            "cluster": "arn:aws:ecs:us-east-1:797886334120:cluster/cluster",
            "name": "checkout",
            "region": "us-east-1"
          },
          "private": "eyJlMmJmYjczMC1lY2FhLTExZTYtOGY4OC0zNDM2M2JjN2M0YzAiOnsiY3JlYXRlIjoxMjAwMDAwMDAwMDAwLCJkZWxldGUiOjEyMDAwMDAwMDAwMDAsInVwZGF0ZSI6MTIwMDAwMDAwMDAwMH0sInNjaGVtYV92ZXJzaW9uIjoiMSJ9",
          "dependencies": [
            "aws_ecs_cluster.cluster",
            "aws_ecs_task_definition.checkout-ecs-td",
            "aws_efs_file_system.efs",
            "aws_security_group.service",
            "aws_service_discovery_http_namespace.main",
            "aws_subnet.private_subnets",
            "aws_vpc.main",
            "data.aws_availability_zones.available"
          ]
        }
      ]
    },
    {
      "mode": "managed",
      "type": "aws_ecs_service",
      "name": "orders",
      "provider": "provider[\"registry.terraform.io/hashicorp/aws\"]",
      "instances": [
        {
          "schema_version": 1,
          "attributes": {
            "alarms": [],
            "arn": "arn:aws:ecs:us-east-1:797886334120:service/cluster/orders",
            "availability_zone_rebalancing": "ENABLED",
            "capacity_provider_strategy": [],
            "cluster": "arn:aws:ecs:us-east-1:797886334120:cluster/cluster",
            "deployment_circuit_breaker": [
              {
                "enable": false,
                "rollback": false
              }
            ],
            "deployment_configuration": [
              {
                "bake_time_in_minutes": "0",
                "canary_configuration": [],
                "lifecycle_hook": [],
                "linear_configuration": [],
                "strategy": "ROLLING"
              }
            ],
            "deployment_controller": [
              {
                "type": "ECS"
              }
            ],
            "deployment_maximum_percent": 200,
            "deployment_minimum_healthy_percent": 100,
            "desired_count": 1,
            "enable_ecs_managed_tags": false,
            "enable_execute_command": false,
            "force_delete": null,
            "force_new_deployment": null,
            "health_check_grace_period_seconds": 0,
            "iam_role": "/aws-service-role/ecs.amazonaws.com/AWSServiceRoleForECS",
            "id": "arn:aws:ecs:us-east-1:797886334120:service/cluster/orders",
            "launch_type": "FARGATE",
            "load_balancer": [],
            "name": "orders",
            "network_configuration": [
              {
                "assign_public_ip": false,
                "security_groups": [
                  "sg-042954994a942110e"
                ],
                "subnets": [
                  "subnet-008b284f476da76c2",
                  "subnet-0156d89229b692fb4",
                  "subnet-064c8efb88438347c"
                ]
              }
            ],
            "ordered_placement_strategy": [],
            "placement_constraints": [],
            "platform_version": "LATEST",
            "propagate_tags": "NONE",
            "region": "us-east-1",
            "scheduling_strategy": "REPLICA",
            "service_connect_configuration": [
              {
                "access_log_configuration": [],
                "enabled": true,
                "log_configuration": [],
                "namespace": "arn:aws:servicediscovery:us-east-1:797886334120:namespace/ns-slbx2klpplmrxig5",
                "service": [
                  {
                    "client_alias": [
                      {
                        "dns_name": "orders",
                        "port": 8080,
                        "test_traffic_rules": []
                      }
                    ],
                    "discovery_name": "orders",
                    "ingress_port_override": 0,
                    "port_name": "orders",
                    "timeout": [],
                    "tls": []
                  }
                ]
              }
            ],
            "service_registries": [],
            "sigint_rollback": null,
            "tags": {},
            "tags_all": {},
            "task_definition": "arn:aws:ecs:us-east-1:797886334120:task-definition/order-service:4",
            "timeouts": null,
            "triggers": {},
            "volume_configuration": [],
            "vpc_lattice_configurations": [],
            "wait_for_steady_state": false
          },
          "sensitive_attributes": [],
          "identity_schema_version": 0,
          "identity": {
            "account_id": "797886334120",
            "cluster": "arn:aws:ecs:us-east-1:797886334120:cluster/cluster",
            "name": "orders",
            "region": "us-east-1"
          },
          "private": "eyJlMmJmYjczMC1lY2FhLTExZTYtOGY4OC0zNDM2M2JjN2M0YzAiOnsiY3JlYXRlIjoxMjAwMDAwMDAwMDAwLCJkZWxldGUiOjEyMDAwMDAwMDAwMDAsInVwZGF0ZSI6MTIwMDAwMDAwMDAwMH0sInNjaGVtYV92ZXJzaW9uIjoiMSJ9",
          "dependencies": [
            "aws_ecs_cluster.cluster",
            "aws_ecs_task_definition.order-ecs-td",
            "aws_efs_file_system.efs",
            "aws_security_group.service",
            "aws_service_discovery_http_namespace.main",
            "aws_subnet.private_subnets",
            "aws_vpc.main",
            "data.aws_availability_zones.available"
          ]
        }
      ]
    },
    {
      "mode": "managed",
      "type": "aws_ecs_service",
      "name": "ui",
      "provider": "provider[\"registry.terraform.io/hashicorp/aws\"]",
      "instances": [
        {
          "schema_version": 1,
          "attributes": {
            "alarms": [],
            "arn": "arn:aws:ecs:us-east-1:797886334120:service/cluster/ui",
            "availability_zone_rebalancing": "ENABLED",
            "capacity_provider_strategy": [],
            "cluster": "arn:aws:ecs:us-east-1:797886334120:cluster/cluster",
            "deployment_circuit_breaker": [
              {
                "enable": false,
                "rollback": false
              }
            ],
            "deployment_configuration": [
              {
                "bake_time_in_minutes": "0",
                "canary_configuration": [],
                "lifecycle_hook": [],
                "linear_configuration": [],
                "strategy": "ROLLING"
              }
            ],
            "deployment_controller": [
              {
                "type": "ECS"
              }
            ],
            "deployment_maximum_percent": 200,
            "deployment_minimum_healthy_percent": 100,
            "desired_count": 1,
            "enable_ecs_managed_tags": false,
            "enable_execute_command": false,
            "force_delete": null,
            "force_new_deployment": null,
            "health_check_grace_period_seconds": 0,
            "iam_role": "/aws-service-role/ecs.amazonaws.com/AWSServiceRoleForECS",
            "id": "arn:aws:ecs:us-east-1:797886334120:service/cluster/ui",
            "launch_type": "FARGATE",
            "load_balancer": [
              {
                "advanced_configuration": [],
                "container_name": "ui",
                "container_port": 8080,
                "elb_name": "",
                "target_group_arn": "arn:aws:elasticloadbalancing:us-east-1:797886334120:targetgroup/ui-tg/8562a84fbd6d5eca"
              }
            ],
            "name": "ui",
            "network_configuration": [
              {
                "assign_public_ip": false,
                "security_groups": [
                  "sg-042954994a942110e"
                ],
                "subnets": [
                  "subnet-008b284f476da76c2",
                  "subnet-0156d89229b692fb4",
                  "subnet-064c8efb88438347c"
                ]
              }
            ],
            "ordered_placement_strategy": [],
            "placement_constraints": [],
            "platform_version": "LATEST",
            "propagate_tags": "NONE",
            "region": "us-east-1",
            "scheduling_strategy": "REPLICA",
            "service_connect_configuration": [
              {
                "access_log_configuration": [],
                "enabled": true,
                "log_configuration": [],
                "namespace": "arn:aws:servicediscovery:us-east-1:797886334120:namespace/ns-slbx2klpplmrxig5",
                "service": [
                  {
                    "client_alias": [
                      {
                        "dns_name": "ui",
                        "port": 8080,
                        "test_traffic_rules": []
                      }
                    ],
                    "discovery_name": "ui",
                    "ingress_port_override": 0,
                    "port_name": "ui",
                    "timeout": [],
                    "tls": []
                  }
                ]
              }
            ],
            "service_registries": [],
            "sigint_rollback": null,
            "tags": {},
            "tags_all": {},
            "task_definition": "arn:aws:ecs:us-east-1:797886334120:task-definition/ui-service:2",
            "timeouts": null,
            "triggers": {},
            "volume_configuration": [],
            "vpc_lattice_configurations": [],
            "wait_for_steady_state": false
          },
          "sensitive_attributes": [],
          "identity_schema_version": 0,
          "identity": {
            "account_id": "797886334120",
            "cluster": "arn:aws:ecs:us-east-1:797886334120:cluster/cluster",
            "name": "ui",
            "region": "us-east-1"
          },
          "private": "eyJlMmJmYjczMC1lY2FhLTExZTYtOGY4OC0zNDM2M2JjN2M0YzAiOnsiY3JlYXRlIjoxMjAwMDAwMDAwMDAwLCJkZWxldGUiOjEyMDAwMDAwMDAwMDAsInVwZGF0ZSI6MTIwMDAwMDAwMDAwMH0sInNjaGVtYV92ZXJzaW9uIjoiMSJ9",
          "dependencies": [
            "aws_ecs_cluster.cluster",
            "aws_ecs_task_definition.ui-ecs-td",
            "aws_lb.alb",
            "aws_lb_listener.http",
            "aws_lb_target_group.ui",
            "aws_security_group.alb_sg",
            "aws_security_group.service",
            "aws_service_discovery_http_namespace.main",
            "aws_subnet.private_subnets",
            "aws_subnet.public_subnets",
            "aws_vpc.main",
            "data.aws_availability_zones.available"
          ]
        }
      ]
    },
    {
      "mode": "managed",
      "type": "aws_ecs_task_definition",
      "name": "cart-ecs-td",
      "provider": "provider[\"registry.terraform.io/hashicorp/aws\"]",
      "instances": [
        {
          "schema_version": 1,
          "attributes": {
            "arn": "arn:aws:ecs:us-east-1:797886334120:task-definition/cart-service:2",
            "arn_without_revision": "arn:aws:ecs:us-east-1:797886334120:task-definition/cart-service",
            "container_definitions": "[{\"environment\":[],\"essential\":true,\"healthCheck\":{\"command\":[\"CMD-SHELL\",\"exit 0\"],\"interval\":5,\"retries\":3,\"timeout\":15},\"image\":\"amazon/dynamodb-local:1.20.0\",\"linuxParameters\":{\"tmpfs\":[{\"containerPath\":\"/tmp\",\"mountOptions\":[\"rw\",\"noexec\",\"nosuid\"],\"size\":64}]},\"mountPoints\":[{\"containerPath\":\"/home/dynamodblocal/data\",\"readOnly\":false,\"sourceVolume\":\"cart-service-storage\"}],\"name\":\"cart-db\",\"portMappings\":[{\"containerPort\":8000,\"hostPort\":8000,\"protocol\":\"tcp\"}],\"readonlyRootFilesystem\":true,\"systemControls\":[],\"volumesFrom\":[]},{\"dependsOn\":[{\"condition\":\"HEALTHY\",\"containerName\":\"cart-db\"}],\"environment\":[{\"name\":\"AWS_ACCESS_KEY_ID\",\"value\":\"key\"},{\"name\":\"AWS_SECRET_ACCESS_KEY\",\"value\":\"dummy\"},{\"name\":\"RETAIL_CART_PERSISTENCE_DYNAMODB_CREATE_TABLE\",\"value\":\"true\"},{\"name\":\"RETAIL_CART_PERSISTENCE_DYNAMODB_ENDPOINT\",\"value\":\"http://localhost:8000\"},{\"name\":\"RETAIL_CART_PERSISTENCE_PROVIDER\",\"value\":\"dynamodb\"},{\"name\":\"SERVER_TOMCAT_ACCESSLOG_ENABLED\",\"value\":\"true\"}],\"essential\":true,\"healthCheck\":{\"command\":[\"CMD-SHELL\",\"curl -f http://localhost:8080/actuator/health || exit 1\"],\"interval\":10,\"retries\":3,\"startPeriod\":15,\"timeout\":10},\"image\":\"public.ecr.aws/aws-containers/retail-store-sample-cart:1.3.0\",\"linuxParameters\":{\"tmpfs\":[{\"containerPath\":\"/tmp\",\"mountOptions\":[\"rw\",\"noexec\",\"nosuid\"],\"size\":64}]},\"mountPoints\":[],\"name\":\"cart-service\",\"portMappings\":[{\"containerPort\":8080,\"hostPort\":8080,\"name\":\"cart\",\"protocol\":\"tcp\"}],\"readonlyRootFilesystem\":true,\"systemControls\":[],\"volumesFrom\":[]}]",
            "cpu": "512",
            "enable_fault_injection": false,
            "ephemeral_storage": [],
            "execution_role_arn": "",
            "family": "cart-service",
            "id": "cart-service",
            "ipc_mode": "",
            "memory": "1024",
            "network_mode": "awsvpc",
            "pid_mode": "",
            "placement_constraints": [],
            "proxy_configuration": [],
            "region": "us-east-1",
            "requires_compatibilities": [
              "FARGATE"
            ],
            "revision": 2,
            "runtime_platform": [],
            "skip_destroy": false,
            "tags": {},
            "tags_all": {},
            "task_role_arn": "",
            "track_latest": false,
            "volume": [
              {
                "configure_at_launch": false,
                "docker_volume_configuration": [],
                "efs_volume_configuration": [
                  {
                    "authorization_config": [],
                    "file_system_id": "fs-066484932e3af804a",
                    "root_directory": "/",
                    "transit_encryption": "ENABLED",
                    "transit_encryption_port": 0
                  }
                ],
                "fsx_windows_file_server_volume_configuration": [],
                "host_path": "",
                "name": "cart-service-storage",
                "s3files_volume_configuration": []
              }
            ]
          },
          "sensitive_attributes": [],
          "identity_schema_version": 0,
          "identity": {
            "account_id": "797886334120",
            "family": "cart-service",
            "region": "us-east-1",
            "revision": 2
          },
          "private": "eyJzY2hlbWFfdmVyc2lvbiI6IjEifQ==",
          "dependencies": [
            "aws_efs_file_system.efs"
          ]
        }
      ]
    },
    {
      "mode": "managed",
      "type": "aws_ecs_task_definition",
      "name": "catalog-ecs-td",
      "provider": "provider[\"registry.terraform.io/hashicorp/aws\"]",
      "instances": [
        {
          "schema_version": 1,
          "attributes": {
            "arn": "arn:aws:ecs:us-east-1:797886334120:task-definition/catalog-service:4",
            "arn_without_revision": "arn:aws:ecs:us-east-1:797886334120:task-definition/catalog-service",
            "container_definitions": "[{\"dependsOn\":[{\"condition\":\"HEALTHY\",\"containerName\":\"catalog-db\"}],\"environment\":[{\"name\":\"GIN_MODE\",\"value\":\"release\"},{\"name\":\"RETAIL_CATALOG_PERSISTENCE_ENDPOINT\",\"value\":\"localhost:3306\"},{\"name\":\"RETAIL_CATALOG_PERSISTENCE_PASSWORD\",\"value\":\"retail-dev-password-123\"},{\"name\":\"RETAIL_CATALOG_PERSISTENCE_PROVIDER\",\"value\":\"mysql\"},{\"name\":\"reschedule\",\"value\":\"on-node-failure\"}],\"essential\":true,\"healthCheck\":{\"command\":[\"CMD-SHELL\",\"curl -f http://localhost:8080/health || exit 1\"],\"interval\":10,\"retries\":3,\"timeout\":10},\"image\":\"public.ecr.aws/aws-containers/retail-store-sample-catalog:1.3.0\",\"mountPoints\":[],\"name\":\"catalog\",\"portMappings\":[{\"containerPort\":8080,\"hostPort\":8080,\"name\":\"catalog\",\"protocol\":\"tcp\"}],\"readonlyRootFilesystem\":true,\"systemControls\":[],\"volumesFrom\":[]},{\"environment\":[{\"name\":\"MYSQL_ALLOW_EMPTY_PASSWORD\",\"value\":\"true\"},{\"name\":\"MYSQL_DATABASE\",\"value\":\"catalogdb\"},{\"name\":\"MYSQL_PASSWORD\",\"value\":\"retail-dev-password-123\"},{\"name\":\"MYSQL_ROOT_PASSWORD\",\"value\":\"retail-dev-password-123\"},{\"name\":\"MYSQL_USER\",\"value\":\"catalog_user\"},{\"name\":\"reschedule\",\"value\":\"on-node-failure\"}],\"essential\":true,\"healthCheck\":{\"command\":[\"CMD\",\"mysqladmin\",\"ping\",\"-h\",\"localhost\",\"-u\",\"catalog_user\",\"-pretail-dev-password-123\"],\"interval\":10,\"retries\":3,\"startPeriod\":30,\"timeout\":5},\"image\":\"mariadb:10.9\",\"mountPoints\":[{\"containerPath\":\"/var/lib/mysql\",\"readOnly\":false,\"sourceVolume\":\"catalog-service-storage\"}],\"name\":\"catalog-db\",\"portMappings\":[{\"containerPort\":3306,\"hostPort\":3306,\"protocol\":\"tcp\"}],\"systemControls\":[],\"volumesFrom\":[]}]",
            "cpu": "512",
            "enable_fault_injection": false,
            "ephemeral_storage": [],
            "execution_role_arn": "",
            "family": "catalog-service",
            "id": "catalog-service",
            "ipc_mode": "",
            "memory": "1024",
            "network_mode": "awsvpc",
            "pid_mode": "",
            "placement_constraints": [],
            "proxy_configuration": [],
            "region": "us-east-1",
            "requires_compatibilities": [
              "FARGATE"
            ],
            "revision": 4,
            "runtime_platform": [],
            "skip_destroy": false,
            "tags": {},
            "tags_all": {},
            "task_role_arn": "",
            "track_latest": false,
            "volume": [
              {
                "configure_at_launch": false,
                "docker_volume_configuration": [],
                "efs_volume_configuration": [
                  {
                    "authorization_config": [],
                    "file_system_id": "fs-066484932e3af804a",
                    "root_directory": "/",
                    "transit_encryption": "ENABLED",
                    "transit_encryption_port": 0
                  }
                ],
                "fsx_windows_file_server_volume_configuration": [],
                "host_path": "",
                "name": "catalog-service-storage",
                "s3files_volume_configuration": []
              }
            ]
          },
          "sensitive_attributes": [
            [
              {
                "type": "get_attr",
                "value": "container_definitions"
              }
            ]
          ],
          "identity_schema_version": 0,
          "identity": {
            "account_id": "797886334120",
            "family": "catalog-service",
            "region": "us-east-1",
            "revision": 4
          },
          "private": "eyJzY2hlbWFfdmVyc2lvbiI6IjEifQ==",
          "dependencies": [
            "aws_efs_file_system.efs"
          ]
        }
      ]
    },
    {
      "mode": "managed",
      "type": "aws_ecs_task_definition",
      "name": "checkout-ecs-td",
      "provider": "provider[\"registry.terraform.io/hashicorp/aws\"]",
      "instances": [
        {
          "schema_version": 1,
          "attributes": {
            "arn": "arn:aws:ecs:us-east-1:797886334120:task-definition/checkout-service:1",
            "arn_without_revision": "arn:aws:ecs:us-east-1:797886334120:task-definition/checkout-service",
            "container_definitions": "[{\"dependsOn\":[{\"condition\":\"HEALTHY\",\"containerName\":\"checkout-redis\"}],\"environment\":[{\"name\":\"RETAIL_CHECKOUT_ENDPOINTS_ORDERS\",\"value\":\"http://orders:8080\"},{\"name\":\"RETAIL_CHECKOUT_PERSISTENCE_PROVIDER\",\"value\":\"redis\"},{\"name\":\"RETAIL_CHECKOUT_PERSISTENCE_REDIS_URL\",\"value\":\"redis://localhost:6379\"}],\"essential\":true,\"healthCheck\":{\"command\":[\"CMD-SHELL\",\"curl -f http://localhost:8080/health || exit 1\"],\"interval\":10,\"retries\":3,\"timeout\":10},\"image\":\"public.ecr.aws/aws-containers/retail-store-sample-checkout:1.3.0\",\"mountPoints\":[],\"name\":\"checkout\",\"portMappings\":[{\"containerPort\":8080,\"hostPort\":8080,\"name\":\"checkout\",\"protocol\":\"tcp\"}],\"systemControls\":[],\"volumesFrom\":[]},{\"environment\":[],\"essential\":true,\"healthCheck\":{\"command\":[\"CMD\",\"redis-cli\",\"ping\"],\"interval\":5,\"retries\":10,\"timeout\":3},\"image\":\"redis:6.0-alpine\",\"mountPoints\":[{\"containerPath\":\"/data\",\"readOnly\":false,\"sourceVolume\":\"checkout-service-storage\"}],\"name\":\"checkout-redis\",\"portMappings\":[{\"containerPort\":6379,\"hostPort\":6379,\"protocol\":\"tcp\"}],\"systemControls\":[],\"volumesFrom\":[]}]",
            "cpu": "512",
            "enable_fault_injection": false,
            "ephemeral_storage": [],
            "execution_role_arn": "",
            "family": "checkout-service",
            "id": "checkout-service",
            "ipc_mode": "",
            "memory": "1024",
            "network_mode": "awsvpc",
            "pid_mode": "",
            "placement_constraints": [],
            "proxy_configuration": [],
            "region": "us-east-1",
            "requires_compatibilities": [
              "FARGATE"
            ],
            "revision": 1,
            "runtime_platform": [],
            "skip_destroy": false,
            "tags": {},
            "tags_all": {},
            "task_role_arn": "",
            "track_latest": false,
            "volume": [
              {
                "configure_at_launch": false,
                "docker_volume_configuration": [],
                "efs_volume_configuration": [
                  {
                    "authorization_config": [],
                    "file_system_id": "fs-066484932e3af804a",
                    "root_directory": "/",
                    "transit_encryption": "ENABLED",
                    "transit_encryption_port": 0
                  }
                ],
                "fsx_windows_file_server_volume_configuration": [],
                "host_path": "",
                "name": "checkout-service-storage",
                "s3files_volume_configuration": []
              }
            ]
          },
          "sensitive_attributes": [],
          "identity_schema_version": 0,
          "identity": {
            "account_id": "797886334120",
            "family": "checkout-service",
            "region": "us-east-1",
            "revision": 1
          },
          "private": "eyJzY2hlbWFfdmVyc2lvbiI6IjEifQ==",
          "dependencies": [
            "aws_efs_file_system.efs"
          ]
        }
      ]
    },
    {
      "mode": "managed",
      "type": "aws_ecs_task_definition",
      "name": "order-ecs-td",
      "provider": "provider[\"registry.terraform.io/hashicorp/aws\"]",
      "instances": [
        {
          "schema_version": 1,
          "attributes": {
            "arn": "arn:aws:ecs:us-east-1:797886334120:task-definition/order-service:4",
            "arn_without_revision": "arn:aws:ecs:us-east-1:797886334120:task-definition/order-service",
            "container_definitions": "[{\"dependsOn\":[{\"condition\":\"HEALTHY\",\"containerName\":\"orders-db\"},{\"condition\":\"HEALTHY\",\"containerName\":\"rabbitmq\"}],\"environment\":[{\"name\":\"RETAIL_ORDERS_MESSAGING_PROVIDER\",\"value\":\"rabbitmq\"},{\"name\":\"RETAIL_ORDERS_MESSAGING_RABBITMQ_ADDRESSES\",\"value\":\"localhost:5672\"},{\"name\":\"RETAIL_ORDERS_MESSAGING_RABBITMQ_PASSWORD\",\"value\":\"retail-dev-password-123\"},{\"name\":\"RETAIL_ORDERS_MESSAGING_RABBITMQ_USERNAME\",\"value\":\"rabbitmq\"},{\"name\":\"RETAIL_ORDERS_PERSISTENCE_ENDPOINT\",\"value\":\"localhost:5432\"},{\"name\":\"RETAIL_ORDERS_PERSISTENCE_NAME\",\"value\":\"orders\"},{\"name\":\"RETAIL_ORDERS_PERSISTENCE_PASSWORD\",\"value\":\"retail-dev-password-123\"},{\"name\":\"RETAIL_ORDERS_PERSISTENCE_PROVIDER\",\"value\":\"postgres\"},{\"name\":\"RETAIL_ORDERS_PERSISTENCE_USERNAME\",\"value\":\"orders_user\"},{\"name\":\"SERVER_TOMCAT_ACCESSLOG_ENABLED\",\"value\":\"true\"},{\"name\":\"reschedule\",\"value\":\"on-node-failure\"}],\"essential\":true,\"healthCheck\":{\"command\":[\"CMD-SHELL\",\"curl -f http://localhost:8080/actuator/health || exit 1\"],\"interval\":10,\"retries\":3,\"startPeriod\":15,\"timeout\":10},\"image\":\"public.ecr.aws/aws-containers/retail-store-sample-orders:1.3.0\",\"mountPoints\":[],\"name\":\"orders\",\"portMappings\":[{\"containerPort\":8080,\"hostPort\":8080,\"name\":\"orders\",\"protocol\":\"tcp\"}],\"systemControls\":[],\"volumesFrom\":[]},{\"environment\":[{\"name\":\"POSTGRES_DB\",\"value\":\"orders\"},{\"name\":\"POSTGRES_PASSWORD\",\"value\":\"retail-dev-password-123\"},{\"name\":\"POSTGRES_USER\",\"value\":\"orders_user\"},{\"name\":\"reschedule\",\"value\":\"on-node-failure\"}],\"essential\":true,\"healthCheck\":{\"command\":[\"CMD-SHELL\",\"pg_isready -d orders -U orders_user\"],\"interval\":10,\"retries\":10,\"timeout\":5},\"image\":\"postgres:16.1\",\"mountPoints\":[],\"name\":\"orders-db\",\"portMappings\":[{\"containerPort\":5432,\"hostPort\":5432,\"protocol\":\"tcp\"}],\"systemControls\":[],\"volumesFrom\":[]},{\"environment\":[{\"name\":\"RABBITMQ_DEFAULT_PASS\",\"value\":\"retail-dev-password-123\"},{\"name\":\"RABBITMQ_DEFAULT_USER\",\"value\":\"rabbitmq\"}],\"essential\":true,\"healthCheck\":{\"command\":[\"CMD-SHELL\",\"rabbitmq-diagnostics -q ping || exit 1\"],\"interval\":10,\"retries\":10,\"startPeriod\":20,\"timeout\":5},\"image\":\"rabbitmq:3-management\",\"mountPoints\":[{\"containerPath\":\"/var/lib/rabbitmq\",\"readOnly\":false,\"sourceVolume\":\"order-service-storage\"}],\"name\":\"rabbitmq\",\"portMappings\":[{\"containerPort\":5672,\"hostPort\":5672,\"protocol\":\"tcp\"}],\"systemControls\":[],\"volumesFrom\":[]}]",
            "cpu": "512",
            "enable_fault_injection": false,
            "ephemeral_storage": [],
            "execution_role_arn": "",
            "family": "order-service",
            "id": "order-service",
            "ipc_mode": "",
            "memory": "1024",
            "network_mode": "awsvpc",
            "pid_mode": "",
            "placement_constraints": [],
            "proxy_configuration": [],
            "region": "us-east-1",
            "requires_compatibilities": [
              "FARGATE"
            ],
            "revision": 4,
            "runtime_platform": [],
            "skip_destroy": false,
            "tags": null,
            "tags_all": {},
            "task_role_arn": "",
            "track_latest": false,
            "volume": [
              {
                "configure_at_launch": false,
                "docker_volume_configuration": [],
                "efs_volume_configuration": [
                  {
                    "authorization_config": [],
                    "file_system_id": "fs-066484932e3af804a",
                    "root_directory": "/",
                    "transit_encryption": "ENABLED",
                    "transit_encryption_port": 0
                  }
                ],
                "fsx_windows_file_server_volume_configuration": [],
                "host_path": "",
                "name": "order-service-storage",
                "s3files_volume_configuration": []
              }
            ]
          },
          "sensitive_attributes": [
            [
              {
                "type": "get_attr",
                "value": "container_definitions"
              }
            ]
          ],
          "identity_schema_version": 0,
          "identity": {
            "account_id": "797886334120",
            "family": "order-service",
            "region": "us-east-1",
            "revision": 4
          },
          "private": "eyJzY2hlbWFfdmVyc2lvbiI6IjEifQ==",
          "dependencies": [
            "aws_efs_file_system.efs"
          ]
        }
      ]
    },
    {
      "mode": "managed",
      "type": "aws_ecs_task_definition",
      "name": "ui-ecs-td",
      "provider": "provider[\"registry.terraform.io/hashicorp/aws\"]",
      "instances": [
        {
          "schema_version": 1,
          "attributes": {
            "arn": "arn:aws:ecs:us-east-1:797886334120:task-definition/ui-service:2",
            "arn_without_revision": "arn:aws:ecs:us-east-1:797886334120:task-definition/ui-service",
            "container_definitions": "[{\"environment\":[{\"name\":\"JAVA_OPTS\",\"value\":\"-XX:MaxRAMPercentage=75.0 -Djava.security.egd=file:/dev/urandom\"},{\"name\":\"RETAIL_UI_ENDPOINTS_CARTS\",\"value\":\"http://cart:8080\"},{\"name\":\"RETAIL_UI_ENDPOINTS_CATALOG\",\"value\":\"http://catalog:8080\"},{\"name\":\"RETAIL_UI_ENDPOINTS_CHECKOUT\",\"value\":\"http://checkout:8080\"},{\"name\":\"RETAIL_UI_ENDPOINTS_ORDERS\",\"value\":\"http://orders:8080\"},{\"name\":\"SERVER_TOMCAT_ACCESSLOG_ENABLED\",\"value\":\"true\"}],\"essential\":true,\"healthCheck\":{\"command\":[\"CMD-SHELL\",\"curl -s -f http://localhost:8080/actuator/health || exit 1\"],\"interval\":10,\"retries\":3,\"startPeriod\":15,\"timeout\":10},\"image\":\"public.ecr.aws/aws-containers/retail-store-sample-ui:1.3.0\",\"memory\":512,\"mountPoints\":[],\"name\":\"ui\",\"portMappings\":[{\"containerPort\":8080,\"hostPort\":8080,\"name\":\"ui\",\"protocol\":\"tcp\"}],\"systemControls\":[],\"volumesFrom\":[]}]",
            "cpu": "512",
            "enable_fault_injection": false,
            "ephemeral_storage": [],
            "execution_role_arn": "",
            "family": "ui-service",
            "id": "ui-service",
            "ipc_mode": "",
            "memory": "1024",
            "network_mode": "awsvpc",
            "pid_mode": "",
            "placement_constraints": [],
            "proxy_configuration": [],
            "region": "us-east-1",
            "requires_compatibilities": [
              "FARGATE"
            ],
            "revision": 2,
            "runtime_platform": [],
            "skip_destroy": false,
            "tags": {},
            "tags_all": {},
            "task_role_arn": "",
            "track_latest": false,
            "volume": []
          },
          "sensitive_attributes": [],
          "identity_schema_version": 0,
          "identity": {
            "account_id": "797886334120",
            "family": "ui-service",
            "region": "us-east-1",
            "revision": 2
          },
          "private": "eyJzY2hlbWFfdmVyc2lvbiI6IjEifQ=="
        }
      ]
    },
    {
      "mode": "managed",
      "type": "aws_efs_file_system",
      "name": "efs",
      "provider": "provider[\"registry.terraform.io/hashicorp/aws\"]",
      "instances": [
        {
          "schema_version": 0,
          "attributes": {
            "arn": "arn:aws:elasticfilesystem:us-east-1:797886334120:file-system/fs-066484932e3af804a",
            "availability_zone_id": "",
            "availability_zone_name": "",
            "creation_token": "dev-efs",
            "dns_name": "fs-066484932e3af804a.efs.us-east-1.amazonaws.com",
            "encrypted": false,
            "id": "fs-066484932e3af804a",
            "kms_key_id": "",
            "lifecycle_policy": [],
            "name": "dev-efs",
            "number_of_mount_targets": 3,
            "owner_id": "797886334120",
            "performance_mode": "generalPurpose",
            "protection": [
              {
                "replication_overwrite": "ENABLED"
              }
            ],
            "provisioned_throughput_in_mibps": 0,
            "region": "us-east-1",
            "size_in_bytes": [
              {
                "value": 6144,
                "value_in_ia": 0,
                "value_in_standard": 6144
              }
            ],
            "tags": {
              "Name": "dev-efs",
              "Terraform": "true"
            },
            "tags_all": {
              "Name": "dev-efs",
              "Terraform": "true"
            },
            "throughput_mode": "bursting"
          },
          "sensitive_attributes": [],
          "identity_schema_version": 0,
          "private": "bnVsbA=="
        }
      ]
    },
    {
      "mode": "managed",
      "type": "aws_efs_mount_target",
      "name": "efs-mt",
      "provider": "provider[\"registry.terraform.io/hashicorp/aws\"]",
      "instances": [
        {
          "index_key": "us-east-1a",
          "schema_version": 0,
          "attributes": {
            "availability_zone_id": "use1-az6",
            "availability_zone_name": "us-east-1a",
            "dns_name": "fs-066484932e3af804a.efs.us-east-1.amazonaws.com",
            "file_system_arn": "arn:aws:elasticfilesystem:us-east-1:797886334120:file-system/fs-066484932e3af804a",
            "file_system_id": "fs-066484932e3af804a",
            "id": "fsmt-07745ca3faad8402f",
            "ip_address": "10.0.10.119",
            "ip_address_type": "IPV4_ONLY",
            "ipv6_address": "",
            "mount_target_dns_name": "us-east-1a.fs-066484932e3af804a.efs.us-east-1.amazonaws.com",
            "network_interface_id": "eni-0a4d98879c766cfc7",
            "owner_id": "797886334120",
            "region": "us-east-1",
            "security_groups": [
              "sg-0195911838d895823"
            ],
            "subnet_id": "subnet-064c8efb88438347c",
            "timeouts": null
          },
          "sensitive_attributes": [],
          "identity_schema_version": 0,
          "private": "eyJlMmJmYjczMC1lY2FhLTExZTYtOGY4OC0zNDM2M2JjN2M0YzAiOnsiY3JlYXRlIjoxODAwMDAwMDAwMDAwLCJkZWxldGUiOjYwMDAwMDAwMDAwMH19",
          "dependencies": [
            "aws_efs_file_system.efs",
            "aws_security_group.efs_sg",
            "aws_subnet.private_subnets",
            "aws_vpc.main",
            "data.aws_availability_zones.available"
          ]
        },
        {
          "index_key": "us-east-1b",
          "schema_version": 0,
          "attributes": {
            "availability_zone_id": "use1-az1",
            "availability_zone_name": "us-east-1b",
            "dns_name": "fs-066484932e3af804a.efs.us-east-1.amazonaws.com",
            "file_system_arn": "arn:aws:elasticfilesystem:us-east-1:797886334120:file-system/fs-066484932e3af804a",
            "file_system_id": "fs-066484932e3af804a",
            "id": "fsmt-066e819fce52732ca",
            "ip_address": "10.0.11.213",
            "ip_address_type": "IPV4_ONLY",
            "ipv6_address": "",
            "mount_target_dns_name": "us-east-1b.fs-066484932e3af804a.efs.us-east-1.amazonaws.com",
            "network_interface_id": "eni-0bcfac8078b897854",
            "owner_id": "797886334120",
            "region": "us-east-1",
            "security_groups": [
              "sg-0195911838d895823"
            ],
            "subnet_id": "subnet-008b284f476da76c2",
            "timeouts": null
          },
          "sensitive_attributes": [],
          "identity_schema_version": 0,
          "private": "eyJlMmJmYjczMC1lY2FhLTExZTYtOGY4OC0zNDM2M2JjN2M0YzAiOnsiY3JlYXRlIjoxODAwMDAwMDAwMDAwLCJkZWxldGUiOjYwMDAwMDAwMDAwMH19",
          "dependencies": [
            "aws_efs_file_system.efs",
            "aws_security_group.efs_sg",
            "aws_subnet.private_subnets",
            "aws_vpc.main",
            "data.aws_availability_zones.available"
          ]
        },
        {
          "index_key": "us-east-1c",
          "schema_version": 0,
          "attributes": {
            "availability_zone_id": "use1-az2",
            "availability_zone_name": "us-east-1c",
            "dns_name": "fs-066484932e3af804a.efs.us-east-1.amazonaws.com",
            "file_system_arn": "arn:aws:elasticfilesystem:us-east-1:797886334120:file-system/fs-066484932e3af804a",
            "file_system_id": "fs-066484932e3af804a",
            "id": "fsmt-0c364b804b0687284",
            "ip_address": "10.0.12.112",
            "ip_address_type": "IPV4_ONLY",
            "ipv6_address": "",
            "mount_target_dns_name": "us-east-1c.fs-066484932e3af804a.efs.us-east-1.amazonaws.com",
            "network_interface_id": "eni-0437bee3b6b7f1384",
            "owner_id": "797886334120",
            "region": "us-east-1",
            "security_groups": [
              "sg-0195911838d895823"
            ],
            "subnet_id": "subnet-0156d89229b692fb4",
            "timeouts": null
          },
          "sensitive_attributes": [],
          "identity_schema_version": 0,
          "private": "eyJlMmJmYjczMC1lY2FhLTExZTYtOGY4OC0zNDM2M2JjN2M0YzAiOnsiY3JlYXRlIjoxODAwMDAwMDAwMDAwLCJkZWxldGUiOjYwMDAwMDAwMDAwMH19",
          "dependencies": [
            "aws_efs_file_system.efs",
            "aws_security_group.efs_sg",
            "aws_subnet.private_subnets",
            "aws_vpc.main",
            "data.aws_availability_zones.available"
          ]
        }
      ]
    },
    {
      "mode": "managed",
      "type": "aws_eip",
      "name": "eip",
      "provider": "provider[\"registry.terraform.io/hashicorp/aws\"]",
      "instances": [
        {
          "schema_version": 0,
          "attributes": {
            "address": null,
            "allocation_id": "eipalloc-02ab2672d67c9d107",
            "arn": "arn:aws:ec2:us-east-1:797886334120:elastic-ip/eipalloc-02ab2672d67c9d107",
            "associate_with_private_ip": null,
            "association_id": "eipassoc-0e1893fb9fd3d0c5d",
            "carrier_ip": "",
            "customer_owned_ip": "",
            "customer_owned_ipv4_pool": "",
            "domain": "vpc",
            "id": "eipalloc-02ab2672d67c9d107",
            "instance": "",
            "ipam_pool_id": "",
            "network_border_group": "us-east-1",
            "network_interface": "eni-04877f60f90569169",
            "private_dns": "ip-10-0-0-121.ec2.internal",
            "private_ip": "10.0.0.121",
            "ptr_record": "",
            "public_dns": "ec2-44-207-218-226.compute-1.amazonaws.com",
            "public_ip": "44.207.218.226",
            "public_ipv4_pool": "amazon",
            "region": "us-east-1",
            "tags": {
              "Name": "dev-nat-eip",
              "Terraform": "true"
            },
            "tags_all": {
              "Name": "dev-nat-eip",
              "Terraform": "true"
            },
            "timeouts": null
          },
          "sensitive_attributes": [],
          "identity_schema_version": 0,
          "identity": {
            "account_id": "797886334120",
            "id": "eipalloc-02ab2672d67c9d107",
            "region": "us-east-1"
          },
          "private": "eyJlMmJmYjczMC1lY2FhLTExZTYtOGY4OC0zNDM2M2JjN2M0YzAiOnsiZGVsZXRlIjoxODAwMDAwMDAwMDAsInJlYWQiOjkwMDAwMDAwMDAwMCwidXBkYXRlIjozMDAwMDAwMDAwMDB9fQ=="
        }
      ]
    },
    {
      "mode": "managed",
      "type": "aws_internet_gateway",
      "name": "igw",
      "provider": "provider[\"registry.terraform.io/hashicorp/aws\"]",
      "instances": [
        {
          "schema_version": 0,
          "attributes": {
            "arn": "arn:aws:ec2:us-east-1:797886334120:internet-gateway/igw-0772b3b06b4af1241",
            "id": "igw-0772b3b06b4af1241",
            "owner_id": "797886334120",
            "region": "us-east-1",
            "tags": {
              "Name": "dev-igw",
              "Terraform": "true"
            },
            "tags_all": {
              "Name": "dev-igw",
              "Terraform": "true"
            },
            "timeouts": null,
            "vpc_id": "vpc-06904f2cb7edccc35"
          },
          "sensitive_attributes": [],
          "identity_schema_version": 0,
          "identity": {
            "account_id": "797886334120",
            "id": "igw-0772b3b06b4af1241",
            "region": "us-east-1"
          },
          "private": "eyJlMmJmYjczMC1lY2FhLTExZTYtOGY4OC0zNDM2M2JjN2M0YzAiOnsiY3JlYXRlIjoxMjAwMDAwMDAwMDAwLCJkZWxldGUiOjEyMDAwMDAwMDAwMDAsInVwZGF0ZSI6MTIwMDAwMDAwMDAwMH19",
          "dependencies": [
            "aws_vpc.main"
          ]
        }
      ]
    },
    {
      "mode": "managed",
      "type": "aws_lb",
      "name": "alb",
      "provider": "provider[\"registry.terraform.io/hashicorp/aws\"]",
      "instances": [
        {
          "schema_version": 0,
          "attributes": {
            "access_logs": [
              {
                "bucket": "",
                "enabled": false,
                "prefix": ""
              }
            ],
            "arn": "arn:aws:elasticloadbalancing:us-east-1:797886334120:loadbalancer/app/alb/22ef66b985e5d8f4",
            "arn_suffix": "app/alb/22ef66b985e5d8f4",
            "client_keep_alive": 3600,
            "connection_logs": [
              {
                "bucket": "",
                "enabled": false,
                "prefix": ""
              }
            ],
            "customer_owned_ipv4_pool": "",
            "desync_mitigation_mode": "defensive",
            "dns_name": "alb-1586929396.us-east-1.elb.amazonaws.com",
            "dns_record_client_routing_policy": null,
            "drop_invalid_header_fields": false,
            "enable_cross_zone_load_balancing": true,
            "enable_deletion_protection": false,
            "enable_http2": true,
            "enable_prefix_for_ipv6_source_nat": "off",
            "enable_tls_version_and_cipher_suite_headers": false,
            "enable_waf_fail_open": false,
            "enable_xff_client_port": false,
            "enable_zonal_shift": false,
            "enforce_security_group_inbound_rules_on_private_link_traffic": "",
            "health_check_logs": [
              {
                "bucket": "",
                "enabled": false,
                "prefix": ""
              }
            ],
            "id": "arn:aws:elasticloadbalancing:us-east-1:797886334120:loadbalancer/app/alb/22ef66b985e5d8f4",
            "idle_timeout": 60,
            "internal": false,
            "ip_address_type": "ipv4",
            "ipam_pools": [],
            "load_balancer_type": "application",
            "minimum_load_balancer_capacity": [],
            "name": "alb",
            "name_prefix": "",
            "preserve_host_header": false,
            "region": "us-east-1",
            "secondary_ips_auto_assigned_per_subnet": null,
            "security_groups": [
              "sg-08c874412913471d9"
            ],
            "subnet_mapping": [
              {
                "allocation_id": "",
                "ipv6_address": "",
                "outpost_id": "",
                "private_ipv4_address": "",
                "subnet_id": "subnet-0767b030b48f5d1b8"
              },
              {
                "allocation_id": "",
                "ipv6_address": "",
                "outpost_id": "",
                "private_ipv4_address": "",
                "subnet_id": "subnet-0eb92786c16c5ccf2"
              },
              {
                "allocation_id": "",
                "ipv6_address": "",
                "outpost_id": "",
                "private_ipv4_address": "",
                "subnet_id": "subnet-0f6c047655241b374"
              }
            ],
            "subnets": [
              "subnet-0767b030b48f5d1b8",
              "subnet-0eb92786c16c5ccf2",
              "subnet-0f6c047655241b374"
            ],
            "tags": {
              "Name": "dev-alb",
              "Terraform": "true"
            },
            "tags_all": {
              "Name": "dev-alb",
              "Terraform": "true"
            },
            "timeouts": null,
            "vpc_id": "vpc-06904f2cb7edccc35",
            "xff_header_processing_mode": "append",
            "zone_id": "Z35SXDOTRQ7X7K"
          },
          "sensitive_attributes": [],
          "identity_schema_version": 0,
          "identity": {
            "arn": "arn:aws:elasticloadbalancing:us-east-1:797886334120:loadbalancer/app/alb/22ef66b985e5d8f4"
          },
          "private": "eyJlMmJmYjczMC1lY2FhLTExZTYtOGY4OC0zNDM2M2JjN2M0YzAiOnsiY3JlYXRlIjo2MDAwMDAwMDAwMDAsImRlbGV0ZSI6NjAwMDAwMDAwMDAwLCJ1cGRhdGUiOjYwMDAwMDAwMDAwMH19",
          "dependencies": [
            "aws_security_group.alb_sg",
            "aws_subnet.public_subnets",
            "aws_vpc.main",
            "data.aws_availability_zones.available"
          ]
        }
      ]
    },
    {
      "mode": "managed",
      "type": "aws_lb_listener",
      "name": "http",
      "provider": "provider[\"registry.terraform.io/hashicorp/aws\"]",
      "instances": [
        {
          "schema_version": 0,
          "attributes": {
            "alpn_policy": null,
            "arn": "arn:aws:elasticloadbalancing:us-east-1:797886334120:listener/app/alb/22ef66b985e5d8f4/a18836da3626aff4",
            "certificate_arn": null,
            "default_action": [
              {
                "authenticate_cognito": [],
                "authenticate_oidc": [],
                "fixed_response": [],
                "forward": [],
                "jwt_validation": [],
                "order": 1,
                "redirect": [],
                "target_group_arn": "arn:aws:elasticloadbalancing:us-east-1:797886334120:targetgroup/ui-tg/8562a84fbd6d5eca",
                "type": "forward"
              }
            ],
            "id": "arn:aws:elasticloadbalancing:us-east-1:797886334120:listener/app/alb/22ef66b985e5d8f4/a18836da3626aff4",
            "load_balancer_arn": "arn:aws:elasticloadbalancing:us-east-1:797886334120:loadbalancer/app/alb/22ef66b985e5d8f4",
            "mutual_authentication": [],
            "port": 80,
            "protocol": "HTTP",
            "region": "us-east-1",
            "routing_http_request_x_amzn_mtls_clientcert_header_name": null,
            "routing_http_request_x_amzn_mtls_clientcert_issuer_header_name": null,
            "routing_http_request_x_amzn_mtls_clientcert_leaf_header_name": null,
            "routing_http_request_x_amzn_mtls_clientcert_serial_number_header_name": null,
            "routing_http_request_x_amzn_mtls_clientcert_subject_header_name": null,
            "routing_http_request_x_amzn_mtls_clientcert_validity_header_name": null,
            "routing_http_request_x_amzn_tls_cipher_suite_header_name": null,
            "routing_http_request_x_amzn_tls_version_header_name": null,
            "routing_http_response_access_control_allow_credentials_header_value": "",
            "routing_http_response_access_control_allow_headers_header_value": "",
            "routing_http_response_access_control_allow_methods_header_value": "",
            "routing_http_response_access_control_allow_origin_header_value": "",
            "routing_http_response_access_control_expose_headers_header_value": "",
            "routing_http_response_access_control_max_age_header_value": "",
            "routing_http_response_content_security_policy_header_value": "",
            "routing_http_response_server_enabled": true,
            "routing_http_response_strict_transport_security_header_value": "",
            "routing_http_response_x_content_type_options_header_value": "",
            "routing_http_response_x_frame_options_header_value": "",
            "ssl_policy": "",
            "tags": {},
            "tags_all": {},
            "tcp_idle_timeout_seconds": null,
            "timeouts": null
          },
          "sensitive_attributes": [],
          "identity_schema_version": 0,
          "identity": {
            "arn": "arn:aws:elasticloadbalancing:us-east-1:797886334120:listener/app/alb/22ef66b985e5d8f4/a18836da3626aff4"
          },
          "private": "eyJlMmJmYjczMC1lY2FhLTExZTYtOGY4OC0zNDM2M2JjN2M0YzAiOnsiY3JlYXRlIjozMDAwMDAwMDAwMDAsInVwZGF0ZSI6MzAwMDAwMDAwMDAwfX0=",
          "dependencies": [
            "aws_lb.alb",
            "aws_lb_target_group.ui",
            "aws_security_group.alb_sg",
            "aws_subnet.public_subnets",
            "aws_vpc.main",
            "data.aws_availability_zones.available"
          ]
        }
      ]
    },
    {
      "mode": "managed",
      "type": "aws_lb_target_group",
      "name": "ui",
      "provider": "provider[\"registry.terraform.io/hashicorp/aws\"]",
      "instances": [
        {
          "schema_version": 0,
          "attributes": {
            "arn": "arn:aws:elasticloadbalancing:us-east-1:797886334120:targetgroup/ui-tg/8562a84fbd6d5eca",
            "arn_suffix": "targetgroup/ui-tg/8562a84fbd6d5eca",
            "connection_termination": null,
            "deregistration_delay": "300",
            "health_check": [
              {
                "enabled": true,
                "healthy_threshold": 2,
                "interval": 30,
                "matcher": "200",
                "path": "/actuator/health",
                "port": "traffic-port",
                "protocol": "HTTP",
                "timeout": 5,
                "unhealthy_threshold": 3
              }
            ],
            "id": "arn:aws:elasticloadbalancing:us-east-1:797886334120:targetgroup/ui-tg/8562a84fbd6d5eca",
            "ip_address_type": "ipv4",
            "lambda_multi_value_headers_enabled": false,
            "load_balancer_arns": [
              "arn:aws:elasticloadbalancing:us-east-1:797886334120:loadbalancer/app/alb/22ef66b985e5d8f4"
            ],
            "load_balancing_algorithm_type": "round_robin",
            "load_balancing_anomaly_mitigation": "off",
            "load_balancing_cross_zone_enabled": "use_load_balancer_configuration",
            "name": "ui-tg",
            "name_prefix": "",
            "port": 8080,
            "preserve_client_ip": null,
            "protocol": "HTTP",
            "protocol_version": "HTTP1",
            "proxy_protocol_v2": false,
            "region": "us-east-1",
            "slow_start": 0,
            "stickiness": [
              {
                "cookie_duration": 86400,
                "cookie_name": "",
                "enabled": false,
                "type": "lb_cookie"
              }
            ],
            "tags": {},
            "tags_all": {},
            "target_control_port": 0,
            "target_failover": [
              {
                "on_deregistration": null,
                "on_unhealthy": null
              }
            ],
            "target_group_health": [
              {
                "dns_failover": [
                  {
                    "minimum_healthy_targets_count": "1",
                    "minimum_healthy_targets_percentage": "off"
                  }
                ],
                "unhealthy_state_routing": [
                  {
                    "minimum_healthy_targets_count": 1,
                    "minimum_healthy_targets_percentage": "off"
                  }
                ]
              }
            ],
            "target_health_state": [
              {
                "enable_unhealthy_connection_termination": null,
                "unhealthy_draining_interval": null
              }
            ],
            "target_type": "ip",
            "vpc_id": "vpc-06904f2cb7edccc35"
          },
          "sensitive_attributes": [],
          "identity_schema_version": 0,
          "identity": {
            "arn": "arn:aws:elasticloadbalancing:us-east-1:797886334120:targetgroup/ui-tg/8562a84fbd6d5eca"
          },
          "private": "bnVsbA==",
          "dependencies": [
            "aws_vpc.main"
          ]
        }
      ]
    },
    {
      "mode": "managed",
      "type": "aws_nat_gateway",
      "name": "nat",
      "provider": "provider[\"registry.terraform.io/hashicorp/aws\"]",
      "instances": [
        {
          "schema_version": 0,
          "attributes": {
            "allocation_id": "eipalloc-02ab2672d67c9d107",
            "association_id": "eipassoc-0e1893fb9fd3d0c5d",
            "auto_provision_zones": null,
            "auto_scaling_ips": null,
            "availability_mode": "zonal",
            "availability_zone_address": [],
            "connectivity_type": "public",
            "id": "nat-0655576a9d7b4a466",
            "network_interface_id": "eni-04877f60f90569169",
            "private_ip": "10.0.0.121",
            "public_ip": "44.207.218.226",
            "region": "us-east-1",
            "regional_nat_gateway_address": [],
            "regional_nat_gateway_auto_mode": null,
            "route_table_id": null,
            "secondary_allocation_ids": [],
            "secondary_private_ip_address_count": 0,
            "secondary_private_ip_addresses": [],
            "subnet_id": "subnet-0eb92786c16c5ccf2",
            "tags": {
              "Name": "dev-nat",
              "Terraform": "true"
            },
            "tags_all": {
              "Name": "dev-nat",
              "Terraform": "true"
            },
            "timeouts": null,
            "vpc_id": "vpc-06904f2cb7edccc35"
          },
          "sensitive_attributes": [],
          "identity_schema_version": 0,
          "identity": {
            "account_id": "797886334120",
            "id": "nat-0655576a9d7b4a466",
            "region": "us-east-1"
          },
          "private": "eyJlMmJmYjczMC1lY2FhLTExZTYtOGY4OC0zNDM2M2JjN2M0YzAiOnsiY3JlYXRlIjo2MDAwMDAwMDAwMDAsImRlbGV0ZSI6MTgwMDAwMDAwMDAwMCwidXBkYXRlIjo2MDAwMDAwMDAwMDB9fQ==",
          "dependencies": [
            "aws_eip.eip",
            "aws_internet_gateway.igw",
            "aws_subnet.public_subnets",
            "aws_vpc.main",
            "data.aws_availability_zones.available"
          ]
        }
      ]
    },
    {
      "mode": "managed",
      "type": "aws_route_table",
      "name": "private_rt",
      "provider": "provider[\"registry.terraform.io/hashicorp/aws\"]",
      "instances": [
        {
          "schema_version": 0,
          "attributes": {
            "arn": "arn:aws:ec2:us-east-1:797886334120:route-table/rtb-03df1ffc7675975e1",
            "id": "rtb-03df1ffc7675975e1",
            "owner_id": "797886334120",
            "propagating_vgws": [],
            "region": "us-east-1",
            "route": [
              {
                "carrier_gateway_id": "",
                "cidr_block": "0.0.0.0/0",
                "core_network_arn": "",
                "destination_prefix_list_id": "",
                "egress_only_gateway_id": "",
                "gateway_id": "",
                "ipv6_cidr_block": "",
                "local_gateway_id": "",
                "nat_gateway_id": "nat-0655576a9d7b4a466",
                "network_interface_id": "",
                "odb_network_arn": "",
                "transit_gateway_id": "",
                "vpc_endpoint_id": "",
                "vpc_peering_connection_id": ""
              }
            ],
            "tags": {
              "Name": "dev-private-rt",
              "Terraform": "true"
            },
            "tags_all": {
              "Name": "dev-private-rt",
              "Terraform": "true"
            },
            "timeouts": null,
            "vpc_id": "vpc-06904f2cb7edccc35"
          },
          "sensitive_attributes": [],
          "identity_schema_version": 0,
          "identity": {
            "account_id": "797886334120",
            "id": "rtb-03df1ffc7675975e1",
            "region": "us-east-1"
          },
          "private": "eyJlMmJmYjczMC1lY2FhLTExZTYtOGY4OC0zNDM2M2JjN2M0YzAiOnsiY3JlYXRlIjozMDAwMDAwMDAwMDAsImRlbGV0ZSI6MzAwMDAwMDAwMDAwLCJ1cGRhdGUiOjEyMDAwMDAwMDAwMH19",
          "dependencies": [
            "aws_eip.eip",
            "aws_internet_gateway.igw",
            "aws_nat_gateway.nat",
            "aws_subnet.public_subnets",
            "aws_vpc.main",
            "data.aws_availability_zones.available"
          ]
        }
      ]
    },
    {
      "mode": "managed",
      "type": "aws_route_table",
      "name": "public_rt",
      "provider": "provider[\"registry.terraform.io/hashicorp/aws\"]",
      "instances": [
        {
          "schema_version": 0,
          "attributes": {
            "arn": "arn:aws:ec2:us-east-1:797886334120:route-table/rtb-04607bdcbb483af8e",
            "id": "rtb-04607bdcbb483af8e",
            "owner_id": "797886334120",
            "propagating_vgws": [],
            "region": "us-east-1",
            "route": [
              {
                "carrier_gateway_id": "",
                "cidr_block": "0.0.0.0/0",
                "core_network_arn": "",
                "destination_prefix_list_id": "",
                "egress_only_gateway_id": "",
                "gateway_id": "igw-0772b3b06b4af1241",
                "ipv6_cidr_block": "",
                "local_gateway_id": "",
                "nat_gateway_id": "",
                "network_interface_id": "",
                "odb_network_arn": "",
                "transit_gateway_id": "",
                "vpc_endpoint_id": "",
                "vpc_peering_connection_id": ""
              }
            ],
            "tags": {
              "Name": "dev-public-rt",
              "Terraform": "true"
            },
            "tags_all": {
              "Name": "dev-public-rt",
              "Terraform": "true"
            },
            "timeouts": null,
            "vpc_id": "vpc-06904f2cb7edccc35"
          },
          "sensitive_attributes": [],
          "identity_schema_version": 0,
          "identity": {
            "account_id": "797886334120",
            "id": "rtb-04607bdcbb483af8e",
            "region": "us-east-1"
          },
          "private": "eyJlMmJmYjczMC1lY2FhLTExZTYtOGY4OC0zNDM2M2JjN2M0YzAiOnsiY3JlYXRlIjozMDAwMDAwMDAwMDAsImRlbGV0ZSI6MzAwMDAwMDAwMDAwLCJ1cGRhdGUiOjEyMDAwMDAwMDAwMH19",
          "dependencies": [
            "aws_internet_gateway.igw",
            "aws_vpc.main"
          ]
        }
      ]
    },
    {
      "mode": "managed",
      "type": "aws_route_table_association",
      "name": "private_rt_assoc",
      "provider": "provider[\"registry.terraform.io/hashicorp/aws\"]",
      "instances": [
        {
          "index_key": "us-east-1a",
          "schema_version": 0,
          "attributes": {
            "gateway_id": "",
            "id": "rtbassoc-0b7d94917daf21961",
            "region": "us-east-1",
            "route_table_id": "rtb-03df1ffc7675975e1",
            "subnet_id": "subnet-064c8efb88438347c",
            "timeouts": null
          },
          "sensitive_attributes": [],
          "identity_schema_version": 0,
          "identity": {
            "account_id": "797886334120",
            "id": "rtbassoc-0b7d94917daf21961",
            "region": "us-east-1"
          },
          "private": "eyJlMmJmYjczMC1lY2FhLTExZTYtOGY4OC0zNDM2M2JjN2M0YzAiOnsiY3JlYXRlIjozMDAwMDAwMDAwMDAsImRlbGV0ZSI6MzAwMDAwMDAwMDAwLCJ1cGRhdGUiOjEyMDAwMDAwMDAwMH19",
          "dependencies": [
            "aws_eip.eip",
            "aws_internet_gateway.igw",
            "aws_nat_gateway.nat",
            "aws_route_table.private_rt",
            "aws_subnet.private_subnets",
            "aws_subnet.public_subnets",
            "aws_vpc.main",
            "data.aws_availability_zones.available"
          ]
        },
        {
          "index_key": "us-east-1b",
          "schema_version": 0,
          "attributes": {
            "gateway_id": "",
            "id": "rtbassoc-087c972b9e3d7cfbf",
            "region": "us-east-1",
            "route_table_id": "rtb-03df1ffc7675975e1",
            "subnet_id": "subnet-008b284f476da76c2",
            "timeouts": null
          },
          "sensitive_attributes": [],
          "identity_schema_version": 0,
          "identity": {
            "account_id": "797886334120",
            "id": "rtbassoc-087c972b9e3d7cfbf",
            "region": "us-east-1"
          },
          "private": "eyJlMmJmYjczMC1lY2FhLTExZTYtOGY4OC0zNDM2M2JjN2M0YzAiOnsiY3JlYXRlIjozMDAwMDAwMDAwMDAsImRlbGV0ZSI6MzAwMDAwMDAwMDAwLCJ1cGRhdGUiOjEyMDAwMDAwMDAwMH19",
          "dependencies": [
            "aws_eip.eip",
            "aws_internet_gateway.igw",
            "aws_nat_gateway.nat",
            "aws_route_table.private_rt",
            "aws_subnet.private_subnets",
            "aws_subnet.public_subnets",
            "aws_vpc.main",
            "data.aws_availability_zones.available"
          ]
        },
        {
          "index_key": "us-east-1c",
          "schema_version": 0,
          "attributes": {
            "gateway_id": "",
            "id": "rtbassoc-028f1b4115afa9c87",
            "region": "us-east-1",
            "route_table_id": "rtb-03df1ffc7675975e1",
            "subnet_id": "subnet-0156d89229b692fb4",
            "timeouts": null
          },
          "sensitive_attributes": [],
          "identity_schema_version": 0,
          "identity": {
            "account_id": "797886334120",
            "id": "rtbassoc-028f1b4115afa9c87",
            "region": "us-east-1"
          },
          "private": "eyJlMmJmYjczMC1lY2FhLTExZTYtOGY4OC0zNDM2M2JjN2M0YzAiOnsiY3JlYXRlIjozMDAwMDAwMDAwMDAsImRlbGV0ZSI6MzAwMDAwMDAwMDAwLCJ1cGRhdGUiOjEyMDAwMDAwMDAwMH19",
          "dependencies": [
            "aws_eip.eip",
            "aws_internet_gateway.igw",
            "aws_nat_gateway.nat",
            "aws_route_table.private_rt",
            "aws_subnet.private_subnets",
            "aws_subnet.public_subnets",
            "aws_vpc.main",
            "data.aws_availability_zones.available"
          ]
        }
      ]
    },
    {
      "mode": "managed",
      "type": "aws_route_table_association",
      "name": "public_rt_assoc",
      "provider": "provider[\"registry.terraform.io/hashicorp/aws\"]",
      "instances": [
        {
          "index_key": "us-east-1a",
          "schema_version": 0,
          "attributes": {
            "gateway_id": "",
            "id": "rtbassoc-04ac3f683c376d475",
            "region": "us-east-1",
            "route_table_id": "rtb-04607bdcbb483af8e",
            "subnet_id": "subnet-0eb92786c16c5ccf2",
            "timeouts": null
          },
          "sensitive_attributes": [],
          "identity_schema_version": 0,
          "identity": {
            "account_id": "797886334120",
            "id": "rtbassoc-04ac3f683c376d475",
            "region": "us-east-1"
          },
          "private": "eyJlMmJmYjczMC1lY2FhLTExZTYtOGY4OC0zNDM2M2JjN2M0YzAiOnsiY3JlYXRlIjozMDAwMDAwMDAwMDAsImRlbGV0ZSI6MzAwMDAwMDAwMDAwLCJ1cGRhdGUiOjEyMDAwMDAwMDAwMH19",
          "dependencies": [
            "aws_internet_gateway.igw",
            "aws_route_table.public_rt",
            "aws_subnet.public_subnets",
            "aws_vpc.main",
            "data.aws_availability_zones.available"
          ]
        },
        {
          "index_key": "us-east-1b",
          "schema_version": 0,
          "attributes": {
            "gateway_id": "",
            "id": "rtbassoc-0744af78b6fbbf2d8",
            "region": "us-east-1",
            "route_table_id": "rtb-04607bdcbb483af8e",
            "subnet_id": "subnet-0767b030b48f5d1b8",
            "timeouts": null
          },
          "sensitive_attributes": [],
          "identity_schema_version": 0,
          "identity": {
            "account_id": "797886334120",
            "id": "rtbassoc-0744af78b6fbbf2d8",
            "region": "us-east-1"
          },
          "private": "eyJlMmJmYjczMC1lY2FhLTExZTYtOGY4OC0zNDM2M2JjN2M0YzAiOnsiY3JlYXRlIjozMDAwMDAwMDAwMDAsImRlbGV0ZSI6MzAwMDAwMDAwMDAwLCJ1cGRhdGUiOjEyMDAwMDAwMDAwMH19",
          "dependencies": [
            "aws_internet_gateway.igw",
            "aws_route_table.public_rt",
            "aws_subnet.public_subnets",
            "aws_vpc.main",
            "data.aws_availability_zones.available"
          ]
        },
        {
          "index_key": "us-east-1c",
          "schema_version": 0,
          "attributes": {
            "gateway_id": "",
            "id": "rtbassoc-04418c768493d5b2b",
            "region": "us-east-1",
            "route_table_id": "rtb-04607bdcbb483af8e",
            "subnet_id": "subnet-0f6c047655241b374",
            "timeouts": null
          },
          "sensitive_attributes": [],
          "identity_schema_version": 0,
          "identity": {
            "account_id": "797886334120",
            "id": "rtbassoc-04418c768493d5b2b",
            "region": "us-east-1"
          },
          "private": "eyJlMmJmYjczMC1lY2FhLTExZTYtOGY4OC0zNDM2M2JjN2M0YzAiOnsiY3JlYXRlIjozMDAwMDAwMDAwMDAsImRlbGV0ZSI6MzAwMDAwMDAwMDAwLCJ1cGRhdGUiOjEyMDAwMDAwMDAwMH19",
          "dependencies": [
            "aws_internet_gateway.igw",
            "aws_route_table.public_rt",
            "aws_subnet.public_subnets",
            "aws_vpc.main",
            "data.aws_availability_zones.available"
          ]
        }
      ]
    },
    {
      "mode": "managed",
      "type": "aws_security_group",
      "name": "alb_sg",
      "provider": "provider[\"registry.terraform.io/hashicorp/aws\"]",
      "instances": [
        {
          "schema_version": 1,
          "attributes": {
            "arn": "arn:aws:ec2:us-east-1:797886334120:security-group/sg-08c874412913471d9",
            "description": "Allow trafic for alb",
            "egress": [
              {
                "cidr_blocks": [
                  "0.0.0.0/0"
                ],
                "description": "",
                "from_port": 0,
                "ipv6_cidr_blocks": [],
                "prefix_list_ids": [],
                "protocol": "-1",
                "security_groups": [],
                "self": false,
                "to_port": 0
              }
            ],
            "id": "sg-08c874412913471d9",
            "ingress": [
              {
                "cidr_blocks": [
                  "0.0.0.0/0"
                ],
                "description": "",
                "from_port": 80,
                "ipv6_cidr_blocks": [],
                "prefix_list_ids": [],
                "protocol": "tcp",
                "security_groups": [],
                "self": false,
                "to_port": 80
              }
            ],
            "name": "alb-sg",
            "name_prefix": "",
            "owner_id": "797886334120",
            "region": "us-east-1",
            "revoke_rules_on_delete": false,
            "tags": {
              "Name": "dev-alb-sg",
              "Terraform": "true"
            },
            "tags_all": {
              "Name": "dev-alb-sg",
              "Terraform": "true"
            },
            "timeouts": null,
            "vpc_id": "vpc-06904f2cb7edccc35"
          },
          "sensitive_attributes": [],
          "identity_schema_version": 0,
          "identity": {
            "account_id": "797886334120",
            "id": "sg-08c874412913471d9",
            "region": "us-east-1"
          },
          "private": "eyJlMmJmYjczMC1lY2FhLTExZTYtOGY4OC0zNDM2M2JjN2M0YzAiOnsiY3JlYXRlIjo2MDAwMDAwMDAwMDAsImRlbGV0ZSI6OTAwMDAwMDAwMDAwfSwic2NoZW1hX3ZlcnNpb24iOiIxIn0=",
          "dependencies": [
            "aws_vpc.main"
          ]
        }
      ]
    },
    {
      "mode": "managed",
      "type": "aws_security_group",
      "name": "efs_sg",
      "provider": "provider[\"registry.terraform.io/hashicorp/aws\"]",
      "instances": [
        {
          "schema_version": 1,
          "attributes": {
            "arn": "arn:aws:ec2:us-east-1:797886334120:security-group/sg-0195911838d895823",
            "description": "Allow NFS traffic from ECS services",
            "egress": [],
            "id": "sg-0195911838d895823",
            "ingress": [
              {
                "cidr_blocks": [],
                "description": "",
                "from_port": 2049,
                "ipv6_cidr_blocks": [],
                "prefix_list_ids": [],
                "protocol": "tcp",
                "security_groups": [
                  "sg-042954994a942110e"
                ],
                "self": false,
                "to_port": 2049
              }
            ],
            "name": "efs-sg",
            "name_prefix": "",
            "owner_id": "797886334120",
            "region": "us-east-1",
            "revoke_rules_on_delete": false,
            "tags": {
              "Name": "dev-efs-sg",
              "Terraform": "true"
            },
            "tags_all": {
              "Name": "dev-efs-sg",
              "Terraform": "true"
            },
            "timeouts": null,
            "vpc_id": "vpc-06904f2cb7edccc35"
          },
          "sensitive_attributes": [],
          "identity_schema_version": 0,
          "identity": {
            "account_id": "797886334120",
            "id": "sg-0195911838d895823",
            "region": "us-east-1"
          },
          "private": "eyJlMmJmYjczMC1lY2FhLTExZTYtOGY4OC0zNDM2M2JjN2M0YzAiOnsiY3JlYXRlIjo2MDAwMDAwMDAwMDAsImRlbGV0ZSI6OTAwMDAwMDAwMDAwfSwic2NoZW1hX3ZlcnNpb24iOiIxIn0=",
          "dependencies": [
            "aws_vpc.main"
          ]
        }
      ]
    },
    {
      "mode": "managed",
      "type": "aws_security_group",
      "name": "service",
      "provider": "provider[\"registry.terraform.io/hashicorp/aws\"]",
      "instances": [
        {
          "schema_version": 1,
          "attributes": {
            "arn": "arn:aws:ec2:us-east-1:797886334120:security-group/sg-042954994a942110e",
            "description": "Security group for ECS services",
            "egress": [
              {
                "cidr_blocks": [
                  "0.0.0.0/0"
                ],
                "description": "",
                "from_port": 0,
                "ipv6_cidr_blocks": [],
                "prefix_list_ids": [],
                "protocol": "-1",
                "security_groups": [],
                "self": false,
                "to_port": 0
              }
            ],
            "id": "sg-042954994a942110e",
            "ingress": [
              {
                "cidr_blocks": [],
                "description": "",
                "from_port": 8080,
                "ipv6_cidr_blocks": [],
                "prefix_list_ids": [],
                "protocol": "tcp",
                "security_groups": [
                  "sg-08c874412913471d9"
                ],
                "self": true,
                "to_port": 8080
              }
            ],
            "name": "service-sg",
            "name_prefix": "",
            "owner_id": "797886334120",
            "region": "us-east-1",
            "revoke_rules_on_delete": false,
            "tags": {
              "Name": "dev-service-sg",
              "Terraform": "true"
            },
            "tags_all": {
              "Name": "dev-service-sg",
              "Terraform": "true"
            },
            "timeouts": null,
            "vpc_id": "vpc-06904f2cb7edccc35"
          },
          "sensitive_attributes": [],
          "identity_schema_version": 0,
          "identity": {
            "account_id": "797886334120",
            "id": "sg-042954994a942110e",
            "region": "us-east-1"
          },
          "private": "eyJlMmJmYjczMC1lY2FhLTExZTYtOGY4OC0zNDM2M2JjN2M0YzAiOnsiY3JlYXRlIjo2MDAwMDAwMDAwMDAsImRlbGV0ZSI6OTAwMDAwMDAwMDAwfSwic2NoZW1hX3ZlcnNpb24iOiIxIn0=",
          "dependencies": [
            "aws_vpc.main"
          ]
        }
      ]
    },
    {
      "mode": "managed",
      "type": "aws_service_discovery_http_namespace",
      "name": "main",
      "provider": "provider[\"registry.terraform.io/hashicorp/aws\"]",
      "instances": [
        {
          "schema_version": 0,
          "attributes": {
            "arn": "arn:aws:servicediscovery:us-east-1:797886334120:namespace/ns-slbx2klpplmrxig5",
            "description": "",
            "http_name": "main",
            "id": "ns-slbx2klpplmrxig5",
            "name": "main",
            "region": "us-east-1",
            "tags": {},
            "tags_all": {}
          },
          "sensitive_attributes": [],
          "identity_schema_version": 0,
          "private": "bnVsbA=="
        }
      ]
    },
    {
      "mode": "managed",
      "type": "aws_subnet",
      "name": "private_subnets",
      "provider": "provider[\"registry.terraform.io/hashicorp/aws\"]",
      "instances": [
        {
          "index_key": "us-east-1a",
          "schema_version": 1,
          "attributes": {
            "arn": "arn:aws:ec2:us-east-1:797886334120:subnet/subnet-064c8efb88438347c",
            "assign_ipv6_address_on_creation": false,
            "availability_zone": "us-east-1a",
            "availability_zone_id": "use1-az6",
            "cidr_block": "10.0.10.0/24",
            "customer_owned_ipv4_pool": "",
            "enable_dns64": false,
            "enable_lni_at_device_index": 0,
            "enable_resource_name_dns_a_record_on_launch": false,
            "enable_resource_name_dns_aaaa_record_on_launch": false,
            "id": "subnet-064c8efb88438347c",
            "ipv4_ipam_pool_id": null,
            "ipv4_netmask_length": null,
            "ipv6_cidr_block": "",
            "ipv6_cidr_block_association_id": "",
            "ipv6_ipam_pool_id": null,
            "ipv6_native": false,
            "ipv6_netmask_length": null,
            "map_customer_owned_ip_on_launch": false,
            "map_public_ip_on_launch": false,
            "outpost_arn": "",
            "owner_id": "797886334120",
            "private_dns_hostname_type_on_launch": "ip-name",
            "region": "us-east-1",
            "tags": {
              "Name": "dev-private-us-east-1a",
              "Terraform": "true"
            },
            "tags_all": {
              "Name": "dev-private-us-east-1a",
              "Terraform": "true"
            },
            "timeouts": null,
            "vpc_id": "vpc-06904f2cb7edccc35"
          },
          "sensitive_attributes": [],
          "identity_schema_version": 0,
          "identity": {
            "account_id": "797886334120",
            "id": "subnet-064c8efb88438347c",
            "region": "us-east-1"
          },
          "private": "eyJlMmJmYjczMC1lY2FhLTExZTYtOGY4OC0zNDM2M2JjN2M0YzAiOnsiY3JlYXRlIjo2MDAwMDAwMDAwMDAsImRlbGV0ZSI6MTIwMDAwMDAwMDAwMH0sInNjaGVtYV92ZXJzaW9uIjoiMSJ9",
          "dependencies": [
            "aws_vpc.main",
            "data.aws_availability_zones.available"
          ]
        },
        {
          "index_key": "us-east-1b",
          "schema_version": 1,
          "attributes": {
            "arn": "arn:aws:ec2:us-east-1:797886334120:subnet/subnet-008b284f476da76c2",
            "assign_ipv6_address_on_creation": false,
            "availability_zone": "us-east-1b",
            "availability_zone_id": "use1-az1",
            "cidr_block": "10.0.11.0/24",
            "customer_owned_ipv4_pool": "",
            "enable_dns64": false,
            "enable_lni_at_device_index": 0,
            "enable_resource_name_dns_a_record_on_launch": false,
            "enable_resource_name_dns_aaaa_record_on_launch": false,
            "id": "subnet-008b284f476da76c2",
            "ipv4_ipam_pool_id": null,
            "ipv4_netmask_length": null,
            "ipv6_cidr_block": "",
            "ipv6_cidr_block_association_id": "",
            "ipv6_ipam_pool_id": null,
            "ipv6_native": false,
            "ipv6_netmask_length": null,
            "map_customer_owned_ip_on_launch": false,
            "map_public_ip_on_launch": false,
            "outpost_arn": "",
            "owner_id": "797886334120",
            "private_dns_hostname_type_on_launch": "ip-name",
            "region": "us-east-1",
            "tags": {
              "Name": "dev-private-us-east-1b",
              "Terraform": "true"
            },
            "tags_all": {
              "Name": "dev-private-us-east-1b",
              "Terraform": "true"
            },
            "timeouts": null,
            "vpc_id": "vpc-06904f2cb7edccc35"
          },
          "sensitive_attributes": [],
          "identity_schema_version": 0,
          "identity": {
            "account_id": "797886334120",
            "id": "subnet-008b284f476da76c2",
            "region": "us-east-1"
          },
          "private": "eyJlMmJmYjczMC1lY2FhLTExZTYtOGY4OC0zNDM2M2JjN2M0YzAiOnsiY3JlYXRlIjo2MDAwMDAwMDAwMDAsImRlbGV0ZSI6MTIwMDAwMDAwMDAwMH0sInNjaGVtYV92ZXJzaW9uIjoiMSJ9",
          "dependencies": [
            "aws_vpc.main",
            "data.aws_availability_zones.available"
          ]
        },
        {
          "index_key": "us-east-1c",
          "schema_version": 1,
          "attributes": {
            "arn": "arn:aws:ec2:us-east-1:797886334120:subnet/subnet-0156d89229b692fb4",
            "assign_ipv6_address_on_creation": false,
            "availability_zone": "us-east-1c",
            "availability_zone_id": "use1-az2",
            "cidr_block": "10.0.12.0/24",
            "customer_owned_ipv4_pool": "",
            "enable_dns64": false,
            "enable_lni_at_device_index": 0,
            "enable_resource_name_dns_a_record_on_launch": false,
            "enable_resource_name_dns_aaaa_record_on_launch": false,
            "id": "subnet-0156d89229b692fb4",
            "ipv4_ipam_pool_id": null,
            "ipv4_netmask_length": null,
            "ipv6_cidr_block": "",
            "ipv6_cidr_block_association_id": "",
            "ipv6_ipam_pool_id": null,
            "ipv6_native": false,
            "ipv6_netmask_length": null,
            "map_customer_owned_ip_on_launch": false,
            "map_public_ip_on_launch": false,
            "outpost_arn": "",
            "owner_id": "797886334120",
            "private_dns_hostname_type_on_launch": "ip-name",
            "region": "us-east-1",
            "tags": {
              "Name": "dev-private-us-east-1c",
              "Terraform": "true"
            },
            "tags_all": {
              "Name": "dev-private-us-east-1c",
              "Terraform": "true"
            },
            "timeouts": null,
            "vpc_id": "vpc-06904f2cb7edccc35"
          },
          "sensitive_attributes": [],
          "identity_schema_version": 0,
          "identity": {
            "account_id": "797886334120",
            "id": "subnet-0156d89229b692fb4",
            "region": "us-east-1"
          },
          "private": "eyJlMmJmYjczMC1lY2FhLTExZTYtOGY4OC0zNDM2M2JjN2M0YzAiOnsiY3JlYXRlIjo2MDAwMDAwMDAwMDAsImRlbGV0ZSI6MTIwMDAwMDAwMDAwMH0sInNjaGVtYV92ZXJzaW9uIjoiMSJ9",
          "dependencies": [
            "aws_vpc.main",
            "data.aws_availability_zones.available"
          ]
        }
      ]
    },
    {
      "mode": "managed",
      "type": "aws_subnet",
      "name": "public_subnets",
      "provider": "provider[\"registry.terraform.io/hashicorp/aws\"]",
      "instances": [
        {
          "index_key": "us-east-1a",
          "schema_version": 1,
          "attributes": {
            "arn": "arn:aws:ec2:us-east-1:797886334120:subnet/subnet-0eb92786c16c5ccf2",
            "assign_ipv6_address_on_creation": false,
            "availability_zone": "us-east-1a",
            "availability_zone_id": "use1-az6",
            "cidr_block": "10.0.0.0/24",
            "customer_owned_ipv4_pool": "",
            "enable_dns64": false,
            "enable_lni_at_device_index": 0,
            "enable_resource_name_dns_a_record_on_launch": false,
            "enable_resource_name_dns_aaaa_record_on_launch": false,
            "id": "subnet-0eb92786c16c5ccf2",
            "ipv4_ipam_pool_id": null,
            "ipv4_netmask_length": null,
            "ipv6_cidr_block": "",
            "ipv6_cidr_block_association_id": "",
            "ipv6_ipam_pool_id": null,
            "ipv6_native": false,
            "ipv6_netmask_length": null,
            "map_customer_owned_ip_on_launch": false,
            "map_public_ip_on_launch": true,
            "outpost_arn": "",
            "owner_id": "797886334120",
            "private_dns_hostname_type_on_launch": "ip-name",
            "region": "us-east-1",
            "tags": {
              "Name": "dev-public-us-east-1a",
              "Terraform": "true"
            },
            "tags_all": {
              "Name": "dev-public-us-east-1a",
              "Terraform": "true"
            },
            "timeouts": null,
            "vpc_id": "vpc-06904f2cb7edccc35"
          },
          "sensitive_attributes": [],
          "identity_schema_version": 0,
          "identity": {
            "account_id": "797886334120",
            "id": "subnet-0eb92786c16c5ccf2",
            "region": "us-east-1"
          },
          "private": "eyJlMmJmYjczMC1lY2FhLTExZTYtOGY4OC0zNDM2M2JjN2M0YzAiOnsiY3JlYXRlIjo2MDAwMDAwMDAwMDAsImRlbGV0ZSI6MTIwMDAwMDAwMDAwMH0sInNjaGVtYV92ZXJzaW9uIjoiMSJ9",
          "dependencies": [
            "aws_vpc.main",
            "data.aws_availability_zones.available"
          ]
        },
        {
          "index_key": "us-east-1b",
          "schema_version": 1,
          "attributes": {
            "arn": "arn:aws:ec2:us-east-1:797886334120:subnet/subnet-0767b030b48f5d1b8",
            "assign_ipv6_address_on_creation": false,
            "availability_zone": "us-east-1b",
            "availability_zone_id": "use1-az1",
            "cidr_block": "10.0.1.0/24",
            "customer_owned_ipv4_pool": "",
            "enable_dns64": false,
            "enable_lni_at_device_index": 0,
            "enable_resource_name_dns_a_record_on_launch": false,
            "enable_resource_name_dns_aaaa_record_on_launch": false,
            "id": "subnet-0767b030b48f5d1b8",
            "ipv4_ipam_pool_id": null,
            "ipv4_netmask_length": null,
            "ipv6_cidr_block": "",
            "ipv6_cidr_block_association_id": "",
            "ipv6_ipam_pool_id": null,
            "ipv6_native": false,
            "ipv6_netmask_length": null,
            "map_customer_owned_ip_on_launch": false,
            "map_public_ip_on_launch": true,
            "outpost_arn": "",
            "owner_id": "797886334120",
            "private_dns_hostname_type_on_launch": "ip-name",
            "region": "us-east-1",
            "tags": {
              "Name": "dev-public-us-east-1b",
              "Terraform": "true"
            },
            "tags_all": {
              "Name": "dev-public-us-east-1b",
              "Terraform": "true"
            },
            "timeouts": null,
            "vpc_id": "vpc-06904f2cb7edccc35"
          },
          "sensitive_attributes": [],
          "identity_schema_version": 0,
          "identity": {
            "account_id": "797886334120",
            "id": "subnet-0767b030b48f5d1b8",
            "region": "us-east-1"
          },
          "private": "eyJlMmJmYjczMC1lY2FhLTExZTYtOGY4OC0zNDM2M2JjN2M0YzAiOnsiY3JlYXRlIjo2MDAwMDAwMDAwMDAsImRlbGV0ZSI6MTIwMDAwMDAwMDAwMH0sInNjaGVtYV92ZXJzaW9uIjoiMSJ9",
          "dependencies": [
            "aws_vpc.main",
            "data.aws_availability_zones.available"
          ]
        },
        {
          "index_key": "us-east-1c",
          "schema_version": 1,
          "attributes": {
            "arn": "arn:aws:ec2:us-east-1:797886334120:subnet/subnet-0f6c047655241b374",
            "assign_ipv6_address_on_creation": false,
            "availability_zone": "us-east-1c",
            "availability_zone_id": "use1-az2",
            "cidr_block": "10.0.2.0/24",
            "customer_owned_ipv4_pool": "",
            "enable_dns64": false,
            "enable_lni_at_device_index": 0,
            "enable_resource_name_dns_a_record_on_launch": false,
            "enable_resource_name_dns_aaaa_record_on_launch": false,
            "id": "subnet-0f6c047655241b374",
            "ipv4_ipam_pool_id": null,
            "ipv4_netmask_length": null,
            "ipv6_cidr_block": "",
            "ipv6_cidr_block_association_id": "",
            "ipv6_ipam_pool_id": null,
            "ipv6_native": false,
            "ipv6_netmask_length": null,
            "map_customer_owned_ip_on_launch": false,
            "map_public_ip_on_launch": true,
            "outpost_arn": "",
            "owner_id": "797886334120",
            "private_dns_hostname_type_on_launch": "ip-name",
            "region": "us-east-1",
            "tags": {
              "Name": "dev-public-us-east-1c",
              "Terraform": "true"
            },
            "tags_all": {
              "Name": "dev-public-us-east-1c",
              "Terraform": "true"
            },
            "timeouts": null,
            "vpc_id": "vpc-06904f2cb7edccc35"
          },
          "sensitive_attributes": [],
          "identity_schema_version": 0,
          "identity": {
            "account_id": "797886334120",
            "id": "subnet-0f6c047655241b374",
            "region": "us-east-1"
          },
          "private": "eyJlMmJmYjczMC1lY2FhLTExZTYtOGY4OC0zNDM2M2JjN2M0YzAiOnsiY3JlYXRlIjo2MDAwMDAwMDAwMDAsImRlbGV0ZSI6MTIwMDAwMDAwMDAwMH0sInNjaGVtYV92ZXJzaW9uIjoiMSJ9",
          "dependencies": [
            "aws_vpc.main",
            "data.aws_availability_zones.available"
          ]
        }
      ]
    },
    {
      "mode": "managed",
      "type": "aws_vpc",
      "name": "main",
      "provider": "provider[\"registry.terraform.io/hashicorp/aws\"]",
      "instances": [
        {
          "schema_version": 1,
          "attributes": {
            "arn": "arn:aws:ec2:us-east-1:797886334120:vpc/vpc-06904f2cb7edccc35",
            "assign_generated_ipv6_cidr_block": false,
            "cidr_block": "10.0.0.0/16",
            "default_network_acl_id": "acl-0403ede7658a0f6c2",
            "default_route_table_id": "rtb-0418f3786df08ba38",
            "default_security_group_id": "sg-0168c057e6c9ad431",
            "dhcp_options_id": "dopt-06ef12beefe60d3b6",
            "enable_dns_hostnames": true,
            "enable_dns_support": true,
            "enable_network_address_usage_metrics": false,
            "id": "vpc-06904f2cb7edccc35",
            "instance_tenancy": "default",
            "ipv4_ipam_pool_id": null,
            "ipv4_netmask_length": null,
            "ipv6_association_id": "",
            "ipv6_cidr_block": "",
            "ipv6_cidr_block_network_border_group": "",
            "ipv6_ipam_pool_id": "",
            "ipv6_netmask_length": 0,
            "main_route_table_id": "rtb-0418f3786df08ba38",
            "owner_id": "797886334120",
            "region": "us-east-1",
            "tags": {
              "Name": "dev-vpc",
              "Terraform": "true"
            },
            "tags_all": {
              "Name": "dev-vpc",
              "Terraform": "true"
            }
          },
          "sensitive_attributes": [],
          "identity_schema_version": 0,
          "identity": {
            "account_id": "797886334120",
            "id": "vpc-06904f2cb7edccc35",
            "region": "us-east-1"
          },
          "private": "eyJzY2hlbWFfdmVyc2lvbiI6IjEifQ=="
        }
      ]
    },
    {
      "mode": "managed",
      "type": "aws_vpc_security_group_egress_rule",
      "name": "alb_outbound",
      "provider": "provider[\"registry.terraform.io/hashicorp/aws\"]",
      "instances": [
        {
          "schema_version": 0,
          "attributes": {
            "arn": "arn:aws:ec2:us-east-1:797886334120:security-group-rule/sgr-0c63e75ebbb0e51b1",
            "cidr_ipv4": "0.0.0.0/0",
            "cidr_ipv6": null,
            "description": null,
            "from_port": null,
            "id": "sgr-0c63e75ebbb0e51b1",
            "ip_protocol": "-1",
            "prefix_list_id": null,
            "referenced_security_group_id": null,
            "region": "us-east-1",
            "security_group_id": "sg-08c874412913471d9",
            "security_group_rule_id": "sgr-0c63e75ebbb0e51b1",
            "tags": null,
            "tags_all": {},
            "to_port": null
          },
          "sensitive_attributes": [],
          "identity_schema_version": 0,
          "identity": {
            "account_id": "797886334120",
            "id": "sgr-0c63e75ebbb0e51b1",
            "region": "us-east-1"
          },
          "dependencies": [
            "aws_security_group.alb_sg",
            "aws_vpc.main"
          ]
        }
      ]
    },
    {
      "mode": "managed",
      "type": "aws_vpc_security_group_egress_rule",
      "name": "service_outbound",
      "provider": "provider[\"registry.terraform.io/hashicorp/aws\"]",
      "instances": [
        {
          "schema_version": 0,
          "attributes": {
            "arn": "arn:aws:ec2:us-east-1:797886334120:security-group-rule/sgr-0e6623c5cec5c5d30",
            "cidr_ipv4": "0.0.0.0/0",
            "cidr_ipv6": null,
            "description": null,
            "from_port": null,
            "id": "sgr-0e6623c5cec5c5d30",
            "ip_protocol": "-1",
            "prefix_list_id": null,
            "referenced_security_group_id": null,
            "region": "us-east-1",
            "security_group_id": "sg-042954994a942110e",
            "security_group_rule_id": "sgr-0e6623c5cec5c5d30",
            "tags": null,
            "tags_all": {},
            "to_port": null
          },
          "sensitive_attributes": [],
          "identity_schema_version": 0,
          "identity": {
            "account_id": "797886334120",
            "id": "sgr-0e6623c5cec5c5d30",
            "region": "us-east-1"
          },
          "dependencies": [
            "aws_security_group.service",
            "aws_vpc.main"
          ]
        }
      ]
    },
    {
      "mode": "managed",
      "type": "aws_vpc_security_group_ingress_rule",
      "name": "alb_http",
      "provider": "provider[\"registry.terraform.io/hashicorp/aws\"]",
      "instances": [
        {
          "schema_version": 0,
          "attributes": {
            "arn": "arn:aws:ec2:us-east-1:797886334120:security-group-rule/sgr-0d1ac45cbcc4c1089",
            "cidr_ipv4": "0.0.0.0/0",
            "cidr_ipv6": null,
            "description": null,
            "from_port": 80,
            "id": "sgr-0d1ac45cbcc4c1089",
            "ip_protocol": "tcp",
            "prefix_list_id": null,
            "referenced_security_group_id": null,
            "region": "us-east-1",
            "security_group_id": "sg-08c874412913471d9",
            "security_group_rule_id": "sgr-0d1ac45cbcc4c1089",
            "tags": null,
            "tags_all": {},
            "to_port": 80
          },
          "sensitive_attributes": [],
          "identity_schema_version": 0,
          "identity": {
            "account_id": "797886334120",
            "id": "sgr-0d1ac45cbcc4c1089",
            "region": "us-east-1"
          },
          "dependencies": [
            "aws_security_group.alb_sg",
            "aws_vpc.main"
          ]
        }
      ]
    },
    {
      "mode": "managed",
      "type": "aws_vpc_security_group_ingress_rule",
      "name": "efs_from_services",
      "provider": "provider[\"registry.terraform.io/hashicorp/aws\"]",
      "instances": [
        {
          "schema_version": 0,
          "attributes": {
            "arn": "arn:aws:ec2:us-east-1:797886334120:security-group-rule/sgr-0b4b2e35154514968",
            "cidr_ipv4": null,
            "cidr_ipv6": null,
            "description": null,
            "from_port": 2049,
            "id": "sgr-0b4b2e35154514968",
            "ip_protocol": "tcp",
            "prefix_list_id": null,
            "referenced_security_group_id": "sg-042954994a942110e",
            "region": "us-east-1",
            "security_group_id": "sg-0195911838d895823",
            "security_group_rule_id": "sgr-0b4b2e35154514968",
            "tags": null,
            "tags_all": {},
            "to_port": 2049
          },
          "sensitive_attributes": [],
          "identity_schema_version": 0,
          "identity": {
            "account_id": "797886334120",
            "id": "sgr-0b4b2e35154514968",
            "region": "us-east-1"
          },
          "dependencies": [
            "aws_security_group.efs_sg",
            "aws_security_group.service",
            "aws_vpc.main"
          ]
        }
      ]
    },
    {
      "mode": "managed",
      "type": "aws_vpc_security_group_ingress_rule",
      "name": "services_from_alb",
      "provider": "provider[\"registry.terraform.io/hashicorp/aws\"]",
      "instances": [
        {
          "schema_version": 0,
          "attributes": {
            "arn": "arn:aws:ec2:us-east-1:797886334120:security-group-rule/sgr-04ec3cb75fe96742a",
            "cidr_ipv4": null,
            "cidr_ipv6": null,
            "description": null,
            "from_port": 8080,
            "id": "sgr-04ec3cb75fe96742a",
            "ip_protocol": "tcp",
            "prefix_list_id": null,
            "referenced_security_group_id": "sg-08c874412913471d9",
            "region": "us-east-1",
            "security_group_id": "sg-042954994a942110e",
            "security_group_rule_id": "sgr-04ec3cb75fe96742a",
            "tags": null,
            "tags_all": {},
            "to_port": 8080
          },
          "sensitive_attributes": [],
          "identity_schema_version": 0,
          "identity": {
            "account_id": "797886334120",
            "id": "sgr-04ec3cb75fe96742a",
            "region": "us-east-1"
          },
          "dependencies": [
            "aws_security_group.alb_sg",
            "aws_security_group.service",
            "aws_vpc.main"
          ]
        }
      ]
    },
    {
      "mode": "managed",
      "type": "aws_vpc_security_group_ingress_rule",
      "name": "services_internal",
      "provider": "provider[\"registry.terraform.io/hashicorp/aws\"]",
      "instances": [
        {
          "schema_version": 0,
          "attributes": {
            "arn": "arn:aws:ec2:us-east-1:797886334120:security-group-rule/sgr-0729545c6191d6785",
            "cidr_ipv4": null,
            "cidr_ipv6": null,
            "description": null,
            "from_port": 8080,
            "id": "sgr-0729545c6191d6785",
            "ip_protocol": "tcp",
            "prefix_list_id": null,
            "referenced_security_group_id": "sg-042954994a942110e",
            "region": "us-east-1",
            "security_group_id": "sg-042954994a942110e",
            "security_group_rule_id": "sgr-0729545c6191d6785",
            "tags": null,
            "tags_all": {},
            "to_port": 8080
          },
          "sensitive_attributes": [],
          "identity_schema_version": 0,
          "identity": {
            "account_id": "797886334120",
            "id": "sgr-0729545c6191d6785",
            "region": "us-east-1"
          },
          "dependencies": [
            "aws_security_group.service",
            "aws_vpc.main"
          ]
        }
      ]
    }
  ],
  "check_results": null
}
